
Microsoft Visual Studio Solution File, Format Version 11.00
# Visual Studio 14
Project("{8BC9CEB8-8B4A-11D0-8D11-00A0C91BC942}") = "3d", "3d.vcxproj", "{DEC90F98-7B1E-44A7-B5AE-32E588EA7C31}"
EndProject
Project("{8BC9CEB8-8B4A-11D0-8D11-00A0C91BC942}") = "asyncio", "asyncio.vcxproj", "{E0F6D626-73B6-4EF5-BD4C-0854F2867792}"
EndProject
Project("{8BC9CEB8-8B4A-11D0-8D11-00A0C91BC942}") = "channel_groups", "channel_groups.vcxproj", "{B9828D98-5034-4F5A-BC3A-3F1BFD7B4823}"
EndProject
Project("{8BC9CEB8-8B4A-11D0-8D11-00A0C91BC942}") = "convolution_reverb", "convolution_reverb.vcxproj", "{3B7E1CEB-5E16-4FE9-97BD-3234DD49CC04}"
EndProject
Project("{8BC9CEB8-8B4A-11D0-8D11-00A0C91BC942}") = "dsp_custom", "dsp_custom.vcxproj", "{CEC17BB0-F452-4885-9179-BD7667102DA1}"
EndProject
Project("{8BC9CEB8-8B4A-11D0-8D11-00A0C91BC942}") = "dsp_effect_per_speaker", "dsp_effect_per_speaker.vcxproj", "{2EE8A7C8-F9C6-43E6-9081-46C64FDF7FB1}"
EndProject
Project("{8BC9CEB8-8B4A-11D0-8D11-00A0C91BC942}") = "dsp_inspector", "dsp_inspector.vcxproj", "{D7FE0A8C-E0BA-45FD-B3D5-65143D7508E6}"
EndProject
Project("{8BC9CEB8-8B4A-11D0-8D11-00A0C91BC942}") = "effects", "effects.vcxproj", "{7C005D64-E922-428A-856E-BD156B7F92A0}"
EndProject
Project("{8BC9CEB8-8B4A-11D0-8D11-00A0C91BC942}") = "gapless_playback", "gapless_playback.vcxproj", "{035AC15B-8985-467B-A5C0-E8BBFCA61729}"
EndProject
Project("{8BC9CEB8-8B4A-11D0-8D11-00A0C91BC942}") = "generate_tone", "generate_tone.vcxproj", "{2331F371-FCDD-430C-917C-4B0DE25C187E}"
EndProject
Project("{8BC9CEB8-8B4A-11D0-8D11-00A0C91BC942}") = "granular_synth", "granular_synth.vcxproj", "{6F881B76-DB5E-423B-B7C1-2440E2551B20}"
EndProject
Project("{8BC9CEB8-8B4A-11D0-8D11-00A0C91BC942}") = "load_from_memory", "load_from_memory.vcxproj", "{82ED4487-A651-40B7-BA2F-6A9AB58057DC}"
EndProject
Project("{8BC9CEB8-8B4A-11D0-8D11-00A0C91BC942}") = "multiple_speaker", "multiple_speaker.vcxproj", "{299CE8E3-1975-4F34-951C-87E149CA3D43}"
EndProject
Project("{8BC9CEB8-8B4A-11D0-8D11-00A0C91BC942}") = "multiple_system", "multiple_system.vcxproj", "{9B5C00C5-1854-40DA-B21F-0F65461ABDF0}"
EndProject
Project("{8BC9CEB8-8B4A-11D0-8D11-00A0C91BC942}") = "net_stream", "net_stream.vcxproj", "{79FD7EA9-7B53-4C9B-8BD5-081ECE5AF954}"
EndProject
Project("{8BC9CEB8-8B4A-11D0-8D11-00A0C91BC942}") = "play_sound", "play_sound.vcxproj", "{2B170728-07ED-487E-9EBD-5264ED61CE09}"
EndProject
Project("{8BC9CEB8-8B4A-11D0-8D11-00A0C91BC942}") = "play_stream", "play_stream.vcxproj", "{F7D99387-3E64-4AE0-9996-A7EDCCB442F1}"
EndProject
Project("{8BC9CEB8-8B4A-11D0-8D11-00A0C91BC942}") = "record", "record.vcxproj", "{A4FA7DFC-2956-4654-A06E-DAF613771D71}"
EndProject
Project("{8BC9CEB8-8B4A-11D0-8D11-00A0C91BC942}") = "record_enumeration", "record_enumeration.vcxproj", "{EB8867F5-20E4-48C9-A944-D1FD3BF973A7}"
EndProject
Project("{8BC9CEB8-8B4A-11D0-8D11-00A0C91BC942}") = "user_created_sound", "user_created_sound.vcxproj", "{9B7BE39C-FB02-48C3-9BAE-015E3FAC8635}"
EndProject
Project("{8BC9CEB8-8B4A-11D0-8D11-00A0C91BC942}") = "fmod_codec_raw", "fmod_codec_raw.vcxproj", "{60D2DDD3-9DEB-4B20-A051-E6AE0751E842}"
EndProject
Project("{8BC9CEB8-8B4A-11D0-8D11-00A0C91BC942}") = "fmod_distance_filter", "fmod_distance_filter.vcxproj", "{8ACDA4CD-D236-4FB7-AF3C-E9AA9391C064}"
EndProject
Project("{8BC9CEB8-8B4A-11D0-8D11-00A0C91BC942}") = "fmod_gain", "fmod_gain.vcxproj", "{3EC91715-CBE1-4880-9249-8DA3A59ABB8B}"
EndProject
Project("{8BC9CEB8-8B4A-11D0-8D11-00A0C91BC942}") = "fmod_noise", "fmod_noise.vcxproj", "{E86B3422-F7D8-4791-941F-8FF0B90816A0}"
EndProject
Project("{8BC9CEB8-8B4A-11D0-8D11-00A0C91BC942}") = "output_mp3", "output_mp3.vcxproj", "{F572A2E6-48AF-4165-ADFD-73035D184F4D}"
EndProject
Global
	GlobalSection(SolutionConfigurationPlatforms) = preSolution
		Debug|Win32 = Debug|Win32
		Debug|x64 = Debug|x64
		Release|Win32 = Release|Win32
		Release|x64 = Release|x64
	EndGlobalSection
	GlobalSection(ProjectConfigurationPlatforms) = postSolution
		{DEC90F98-7B1E-44A7-B5AE-32E588EA7C31}.Debug|Win32.ActiveCfg = Debug|Win32
		{DEC90F98-7B1E-44A7-B5AE-32E588EA7C31}.Debug|Win32.Build.0 = Debug|Win32
		{DEC90F98-7B1E-44A7-B5AE-32E588EA7C31}.Debug|Win32.Deploy.0 = Debug|Win32
		{DEC90F98-7B1E-44A7-B5AE-32E588EA7C31}.Debug|x64.ActiveCfg = Debug|x64
		{DEC90F98-7B1E-44A7-B5AE-32E588EA7C31}.Debug|x64.Build.0 = Debug|x64
		{DEC90F98-7B1E-44A7-B5AE-32E588EA7C31}.Debug|x64.Deploy.0 = Debug|x64
		{DEC90F98-7B1E-44A7-B5AE-32E588EA7C31}.Release|Win32.ActiveCfg = Release|Win32
		{DEC90F98-7B1E-44A7-B5AE-32E588EA7C31}.Release|Win32.Build.0 = Release|Win32
		{DEC90F98-7B1E-44A7-B5AE-32E588EA7C31}.Release|Win32.Deploy.0 = Release|Win32
		{DEC90F98-7B1E-44A7-B5AE-32E588EA7C31}.Release|x64.ActiveCfg = Release|x64
		{DEC90F98-7B1E-44A7-B5AE-32E588EA7C31}.Release|x64.Build.0 = Release|x64
		{DEC90F98-7B1E-44A7-B5AE-32E588EA7C31}.Release|x64.Deploy.0 = Release|x64
		{E0F6D626-73B6-4EF5-BD4C-0854F2867792}.Debug|Win32.ActiveCfg = Debug|Win32
		{E0F6D626-73B6-4EF5-BD4C-0854F2867792}.Debug|Win32.Build.0 = Debug|Win32
		{E0F6D626-73B6-4EF5-BD4C-0854F2867792}.Debug|Win32.Deploy.0 = Debug|Win32
		{E0F6D626-73B6-4EF5-BD4C-0854F2867792}.Debug|x64.ActiveCfg = Debug|x64
		{E0F6D626-73B6-4EF5-BD4C-0854F2867792}.Debug|x64.Build.0 = Debug|x64
		{E0F6D626-73B6-4EF5-BD4C-0854F2867792}.Debug|x64.Deploy.0 = Debug|x64
		{E0F6D626-73B6-4EF5-BD4C-0854F2867792}.Release|Win32.ActiveCfg = Release|Win32
		{E0F6D626-73B6-4EF5-BD4C-0854F2867792}.Release|Win32.Build.0 = Release|Win32
		{E0F6D626-73B6-4EF5-BD4C-0854F2867792}.Release|Win32.Deploy.0 = Release|Win32
		{E0F6D626-73B6-4EF5-BD4C-0854F2867792}.Release|x64.ActiveCfg = Release|x64
		{E0F6D626-73B6-4EF5-BD4C-0854F2867792}.Release|x64.Build.0 = Release|x64
		{E0F6D626-73B6-4EF5-BD4C-0854F2867792}.Release|x64.Deploy.0 = Release|x64
		{B9828D98-5034-4F5A-BC3A-3F1BFD7B4823}.Debug|Win32.ActiveCfg = Debug|Win32
		{B9828D98-5034-4F5A-BC3A-3F1BFD7B4823}.Debug|Win32.Build.0 = Debug|Win32
		{B9828D98-5034-4F5A-BC3A-3F1BFD7B4823}.Debug|Win32.Deploy.0 = Debug|Win32
		{B9828D98-5034-4F5A-BC3A-3F1BFD7B4823}.Debug|x64.ActiveCfg = Debug|x64
		{B9828D98-5034-4F5A-BC3A-3F1BFD7B4823}.Debug|x64.Build.0 = Debug|x64
		{B9828D98-5034-4F5A-BC3A-3F1BFD7B4823}.Debug|x64.Deploy.0 = Debug|x64
		{B9828D98-5034-4F5A-BC3A-3F1BFD7B4823}.Release|Win32.ActiveCfg = Release|Win32
		{B9828D98-5034-4F5A-BC3A-3F1BFD7B4823}.Release|Win32.Build.0 = Release|Win32
		{B9828D98-5034-4F5A-BC3A-3F1BFD7B4823}.Release|Win32.Deploy.0 = Release|Win32
		{B9828D98-5034-4F5A-BC3A-3F1BFD7B4823}.Release|x64.ActiveCfg = Release|x64
		{B9828D98-5034-4F5A-BC3A-3F1BFD7B4823}.Release|x64.Build.0 = Release|x64
		{B9828D98-5034-4F5A-BC3A-3F1BFD7B4823}.Release|x64.Deploy.0 = Release|x64
		{3B7E1CEB-5E16-4FE9-97BD-3234DD49CC04}.Debug|Win32.ActiveCfg = Debug|Win32
		{3B7E1CEB-5E16-4FE9-97BD-3234DD49CC04}.Debug|Win32.Build.0 = Debug|Win32
		{3B7E1CEB-5E16-4FE9-97BD-3234DD49CC04}.Debug|Win32.Deploy.0 = Debug|Win32
		{3B7E1CEB-5E16-4FE9-97BD-3234DD49CC04}.Debug|x64.ActiveCfg = Debug|x64
		{3B7E1CEB-5E16-4FE9-97BD-3234DD49CC04}.Debug|x64.Build.0 = Debug|x64
		{3B7E1CEB-5E16-4FE9-97BD-3234DD49CC04}.Debug|x64.Deploy.0 = Debug|x64
		{3B7E1CEB-5E16-4FE9-97BD-3234DD49CC04}.Release|Win32.ActiveCfg = Release|Win32
		{3B7E1CEB-5E16-4FE9-97BD-3234DD49CC04}.Release|Win32.Build.0 = Release|Win32
		{3B7E1CEB-5E16-4FE9-97BD-3234DD49CC04}.Release|Win32.Deploy.0 = Release|Win32
		{3B7E1CEB-5E16-4FE9-97BD-3234DD49CC04}.Release|x64.ActiveCfg = Release|x64
		{3B7E1CEB-5E16-4FE9-97BD-3234DD49CC04}.Release|x64.Build.0 = Release|x64
		{3B7E1CEB-5E16-4FE9-97BD-3234DD49CC04}.Release|x64.Deploy.0 = Release|x64
		{CEC17BB0-F452-4885-9179-BD7667102DA1}.Debug|Win32.ActiveCfg = Debug|Win32
		{CEC17BB0-F452-4885-9179-BD7667102DA1}.Debug|Win32.Build.0 = Debug|Win32
		{CEC17BB0-F452-4885-9179-BD7667102DA1}.Debug|Win32.Deploy.0 = Debug|Win32
		{CEC17BB0-F452-4885-9179-BD7667102DA1}.Debug|x64.ActiveCfg = Debug|x64
		{CEC17BB0-F452-4885-9179-BD7667102DA1}.Debug|x64.Build.0 = Debug|x64
		{CEC17BB0-F452-4885-9179-BD7667102DA1}.Debug|x64.Deploy.0 = Debug|x64
		{CEC17BB0-F452-4885-9179-BD7667102DA1}.Release|Win32.ActiveCfg = Release|Win32
		{CEC17BB0-F452-4885-9179-BD7667102DA1}.Release|Win32.Build.0 = Release|Win32
		{CEC17BB0-F452-4885-9179-BD7667102DA1}.Release|Win32.Deploy.0 = Release|Win32
		{CEC17BB0-F452-4885-9179-BD7667102DA1}.Release|x64.ActiveCfg = Release|x64
		{CEC17BB0-F452-4885-9179-BD7667102DA1}.Release|x64.Build.0 = Release|x64
		{CEC17BB0-F452-4885-9179-BD7667102DA1}.Release|x64.Deploy.0 = Release|x64
		{2EE8A7C8-F9C6-43E6-9081-46C64FDF7FB1}.Debug|Win32.ActiveCfg = Debug|Win32
		{2EE8A7C8-F9C6-43E6-9081-46C64FDF7FB1}.Debug|Win32.Build.0 = Debug|Win32
		{2EE8A7C8-F9C6-43E6-9081-46C64FDF7FB1}.Debug|Win32.Deploy.0 = Debug|Win32
		{2EE8A7C8-F9C6-43E6-9081-46C64FDF7FB1}.Debug|x64.ActiveCfg = Debug|x64
		{2EE8A7C8-F9C6-43E6-9081-46C64FDF7FB1}.Debug|x64.Build.0 = Debug|x64
		{2EE8A7C8-F9C6-43E6-9081-46C64FDF7FB1}.Debug|x64.Deploy.0 = Debug|x64
		{2EE8A7C8-F9C6-43E6-9081-46C64FDF7FB1}.Release|Win32.ActiveCfg = Release|Win32
		{2EE8A7C8-F9C6-43E6-9081-46C64FDF7FB1}.Release|Win32.Build.0 = Release|Win32
		{2EE8A7C8-F9C6-43E6-9081-46C64FDF7FB1}.Release|Win32.Deploy.0 = Release|Win32
		{2EE8A7C8-F9C6-43E6-9081-46C64FDF7FB1}.Release|x64.ActiveCfg = Release|x64
		{2EE8A7C8-F9C6-43E6-9081-46C64FDF7FB1}.Release|x64.Build.0 = Release|x64
		{2EE8A7C8-F9C6-43E6-9081-46C64FDF7FB1}.Release|x64.Deploy.0 = Release|x64
		{D7FE0A8C-E0BA-45FD-B3D5-65143D7508E6}.Debug|Win32.ActiveCfg = Debug|Win32
		{D7FE0A8C-E0BA-45FD-B3D5-65143D7508E6}.Debug|Win32.Build.0 = Debug|Win32
		{D7FE0A8C-E0BA-45FD-B3D5-65143D7508E6}.Debug|Win32.Deploy.0 = Debug|Win32
		{D7FE0A8C-E0BA-45FD-B3D5-65143D7508E6}.Debug|x64.ActiveCfg = Debug|x64
		{D7FE0A8C-E0BA-45FD-B3D5-65143D7508E6}.Debug|x64.Build.0 = Debug|x64
		{D7FE0A8C-E0BA-45FD-B3D5-65143D7508E6}.Debug|x64.Deploy.0 = Debug|x64
		{D7FE0A8C-E0BA-45FD-B3D5-65143D7508E6}.Release|Win32.ActiveCfg = Release|Win32
		{D7FE0A8C-E0BA-45FD-B3D5-65143D7508E6}.Release|Win32.Build.0 = Release|Win32
		{D7FE0A8C-E0BA-45FD-B3D5-65143D7508E6}.Release|Win32.Deploy.0 = Release|Win32
		{D7FE0A8C-E0BA-45FD-B3D5-65143D7508E6}.Release|x64.ActiveCfg = Release|x64
		{D7FE0A8C-E0BA-45FD-B3D5-65143D7508E6}.Release|x64.Build.0 = Release|x64
		{D7FE0A8C-E0BA-45FD-B3D5-65143D7508E6}.Release|x64.Deploy.0 = Release|x64
		{7C005D64-E922-428A-856E-BD156B7F92A0}.Debug|Win32.ActiveCfg = Debug|Win32
		{7C005D64-E922-428A-856E-BD156B7F92A0}.Debug|Win32.Build.0 = Debug|Win32
		{7C005D64-E922-428A-856E-BD156B7F92A0}.Debug|Win32.Deploy.0 = Debug|Win32
		{7C005D64-E922-428A-856E-BD156B7F92A0}.Debug|x64.ActiveCfg = Debug|x64
		{7C005D64-E922-428A-856E-BD156B7F92A0}.Debug|x64.Build.0 = Debug|x64
		{7C005D64-E922-428A-856E-BD156B7F92A0}.Debug|x64.Deploy.0 = Debug|x64
		{7C005D64-E922-428A-856E-BD156B7F92A0}.Release|Win32.ActiveCfg = Release|Win32
		{7C005D64-E922-428A-856E-BD156B7F92A0}.Release|Win32.Build.0 = Release|Win32
		{7C005D64-E922-428A-856E-BD156B7F92A0}.Release|Win32.Deploy.0 = Release|Win32
		{7C005D64-E922-428A-856E-BD156B7F92A0}.Release|x64.ActiveCfg = Release|x64
		{7C005D64-E922-428A-856E-BD156B7F92A0}.Release|x64.Build.0 = Release|x64
		{7C005D64-E922-428A-856E-BD156B7F92A0}.Release|x64.Deploy.0 = Release|x64
		{035AC15B-8985-467B-A5C0-E8BBFCA61729}.Debug|Win32.ActiveCfg = Debug|Win32
		{035AC15B-8985-467B-A5C0-E8BBFCA61729}.Debug|Win32.Build.0 = Debug|Win32
		{035AC15B-8985-467B-A5C0-E8BBFCA61729}.Debug|Win32.Deploy.0 = Debug|Win32
		{035AC15B-8985-467B-A5C0-E8BBFCA61729}.Debug|x64.ActiveCfg = Debug|x64
		{035AC15B-8985-467B-A5C0-E8BBFCA61729}.Debug|x64.Build.0 = Debug|x64
		{035AC15B-8985-467B-A5C0-E8BBFCA61729}.Debug|x64.Deploy.0 = Debug|x64
		{035AC15B-8985-467B-A5C0-E8BBFCA61729}.Release|Win32.ActiveCfg = Release|Win32
		{035AC15B-8985-467B-A5C0-E8BBFCA61729}.Release|Win32.Build.0 = Release|Win32
		{035AC15B-8985-467B-A5C0-E8BBFCA61729}.Release|Win32.Deploy.0 = Release|Win32
		{035AC15B-8985-467B-A5C0-E8BBFCA61729}.Release|x64.ActiveCfg = Release|x64
		{035AC15B-8985-467B-A5C0-E8BBFCA61729}.Release|x64.Build.0 = Release|x64
		{035AC15B-8985-467B-A5C0-E8BBFCA61729}.Release|x64.Deploy.0 = Release|x64
		{2331F371-FCDD-430C-917C-4B0DE25C187E}.Debug|Win32.ActiveCfg = Debug|Win32
		{2331F371-FCDD-430C-917C-4B0DE25C187E}.Debug|Win32.Build.0 = Debug|Win32
		{2331F371-FCDD-430C-917C-4B0DE25C187E}.Debug|Win32.Deploy.0 = Debug|Win32
		{2331F371-FCDD-430C-917C-4B0DE25C187E}.Debug|x64.ActiveCfg = Debug|x64
		{2331F371-FCDD-430C-917C-4B0DE25C187E}.Debug|x64.Build.0 = Debug|x64
		{2331F371-FCDD-430C-917C-4B0DE25C187E}.Debug|x64.Deploy.0 = Debug|x64
		{2331F371-FCDD-430C-917C-4B0DE25C187E}.Release|Win32.ActiveCfg = Release|Win32
		{2331F371-FCDD-430C-917C-4B0DE25C187E}.Release|Win32.Build.0 = Release|Win32
		{2331F371-FCDD-430C-917C-4B0DE25C187E}.Release|Win32.Deploy.0 = Release|Win32
		{2331F371-FCDD-430C-917C-4B0DE25C187E}.Release|x64.ActiveCfg = Release|x64
		{2331F371-FCDD-430C-917C-4B0DE25C187E}.Release|x64.Build.0 = Release|x64
		{2331F371-FCDD-430C-917C-4B0DE25C187E}.Release|x64.Deploy.0 = Release|x64
		{6F881B76-DB5E-423B-B7C1-2440E2551B20}.Debug|Win32.ActiveCfg = Debug|Win32
		{6F881B76-DB5E-423B-B7C1-2440E2551B20}.Debug|Win32.Build.0 = Debug|Win32
		{6F881B76-DB5E-423B-B7C1-2440E2551B20}.Debug|Win32.Deploy.0 = Debug|Win32
		{6F881B76-DB5E-423B-B7C1-2440E2551B20}.Debug|x64.ActiveCfg = Debug|x64
		{6F881B76-DB5E-423B-B7C1-2440E2551B20}.Debug|x64.Build.0 = Debug|x64
		{6F881B76-DB5E-423B-B7C1-2440E2551B20}.Debug|x64.Deploy.0 = Debug|x64
		{6F881B76-DB5E-423B-B7C1-2440E2551B20}.Release|Win32.ActiveCfg = Release|Win32
		{6F881B76-DB5E-423B-B7C1-2440E2551B20}.Release|Win32.Build.0 = Release|Win32
		{6F881B76-DB5E-423B-B7C1-2440E2551B20}.Release|Win32.Deploy.0 = Release|Win32
		{6F881B76-DB5E-423B-B7C1-2440E2551B20}.Release|x64.ActiveCfg = Release|x64
		{6F881B76-DB5E-423B-B7C1-2440E2551B20}.Release|x64.Build.0 = Release|x64
		{6F881B76-DB5E-423B-B7C1-2440E2551B20}.Release|x64.Deploy.0 = Release|x64
		{82ED4487-A651-40B7-BA2F-6A9AB58057DC}.Debug|Win32.ActiveCfg = Debug|Win32
		{82ED4487-A651-40B7-BA2F-6A9AB58057DC}.Debug|Win32.Build.0 = Debug|Win32
		{82ED4487-A651-40B7-BA2F-6A9AB58057DC}.Debug|Win32.Deploy.0 = Debug|Win32
		{82ED4487-A651-40B7-BA2F-6A9AB58057DC}.Debug|x64.ActiveCfg = Debug|x64
		{82ED4487-A651-40B7-BA2F-6A9AB58057DC}.Debug|x64.Build.0 = Debug|x64
		{82ED4487-A651-40B7-BA2F-6A9AB58057DC}.Debug|x64.Deploy.0 = Debug|x64
		{82ED4487-A651-40B7-BA2F-6A9AB58057DC}.Release|Win32.ActiveCfg = Release|Win32
		{82ED4487-A651-40B7-BA2F-6A9AB58057DC}.Release|Win32.Build.0 = Release|Win32
		{82ED4487-A651-40B7-BA2F-6A9AB58057DC}.Release|Win32.Deploy.0 = Release|Win32
		{82ED4487-A651-40B7-BA2F-6A9AB58057DC}.Release|x64.ActiveCfg = Release|x64
		{82ED4487-A651-40B7-BA2F-6A9AB58057DC}.Release|x64.Build.0 = Release|x64
		{82ED4487-A651-40B7-BA2F-6A9AB58057DC}.Release|x64.Deploy.0 = Release|x64
		{299CE8E3-1975-4F34-951C-87E149CA3D43}.Debug|Win32.ActiveCfg = Debug|Win32
		{299CE8E3-1975-4F34-951C-87E149CA3D43}.Debug|Win32.Build.0 = Debug|Win32
		{299CE8E3-1975-4F34-951C-87E149CA3D43}.Debug|Win32.Deploy.0 = Debug|Win32
		{299CE8E3-1975-4F34-951C-87E149CA3D43}.Debug|x64.ActiveCfg = Debug|x64
		{299CE8E3-1975-4F34-951C-87E149CA3D43}.Debug|x64.Build.0 = Debug|x64
		{299CE8E3-1975-4F34-951C-87E149CA3D43}.Debug|x64.Deploy.0 = Debug|x64
		{299CE8E3-1975-4F34-951C-87E149CA3D43}.Release|Win32.ActiveCfg = Release|Win32
		{299CE8E3-1975-4F34-951C-87E149CA3D43}.Release|Win32.Build.0 = Release|Win32
		{299CE8E3-1975-4F34-951C-87E149CA3D43}.Release|Win32.Deploy.0 = Release|Win32
		{299CE8E3-1975-4F34-951C-87E149CA3D43}.Release|x64.ActiveCfg = Release|x64
		{299CE8E3-1975-4F34-951C-87E149CA3D43}.Release|x64.Build.0 = Release|x64
		{299CE8E3-1975-4F34-951C-87E149CA3D43}.Release|x64.Deploy.0 = Release|x64
		{9B5C00C5-1854-40DA-B21F-0F65461ABDF0}.Debug|Win32.ActiveCfg = Debug|Win32
		{9B5C00C5-1854-40DA-B21F-0F65461ABDF0}.Debug|Win32.Build.0 = Debug|Win32
		{9B5C00C5-1854-40DA-B21F-0F65461ABDF0}.Debug|Win32.Deploy.0 = Debug|Win32
		{9B5C00C5-1854-40DA-B21F-0F65461ABDF0}.Debug|x64.ActiveCfg = Debug|x64
		{9B5C00C5-1854-40DA-B21F-0F65461ABDF0}.Debug|x64.Build.0 = Debug|x64
		{9B5C00C5-1854-40DA-B21F-0F65461ABDF0}.Debug|x64.Deploy.0 = Debug|x64
		{9B5C00C5-1854-40DA-B21F-0F65461ABDF0}.Release|Win32.ActiveCfg = Release|Win32
		{9B5C00C5-1854-40DA-B21F-0F65461ABDF0}.Release|Win32.Build.0 = Release|Win32
		{9B5C00C5-1854-40DA-B21F-0F65461ABDF0}.Release|Win32.Deploy.0 = Release|Win32
		{9B5C00C5-1854-40DA-B21F-0F65461ABDF0}.Release|x64.ActiveCfg = Release|x64
		{9B5C00C5-1854-40DA-B21F-0F65461ABDF0}.Release|x64.Build.0 = Release|x64
		{9B5C00C5-1854-40DA-B21F-0F65461ABDF0}.Release|x64.Deploy.0 = Release|x64
		{79FD7EA9-7B53-4C9B-8BD5-081ECE5AF954}.Debug|Win32.ActiveCfg = Debug|Win32
		{79FD7EA9-7B53-4C9B-8BD5-081ECE5AF954}.Debug|Win32.Build.0 = Debug|Win32
		{79FD7EA9-7B53-4C9B-8BD5-081ECE5AF954}.Debug|Win32.Deploy.0 = Debug|Win32
		{79FD7EA9-7B53-4C9B-8BD5-081ECE5AF954}.Debug|x64.ActiveCfg = Debug|x64
		{79FD7EA9-7B53-4C9B-8BD5-081ECE5AF954}.Debug|x64.Build.0 = Debug|x64
		{79FD7EA9-7B53-4C9B-8BD5-081ECE5AF954}.Debug|x64.Deploy.0 = Debug|x64
		{79FD7EA9-7B53-4C9B-8BD5-081ECE5AF954}.Release|Win32.ActiveCfg = Release|Win32
		{79FD7EA9-7B53-4C9B-8BD5-081ECE5AF954}.Release|Win32.Build.0 = Release|Win32
		{79FD7EA9-7B53-4C9B-8BD5-081ECE5AF954}.Release|Win32.Deploy.0 = Release|Win32
		{79FD7EA9-7B53-4C9B-8BD5-081ECE5AF954}.Release|x64.ActiveCfg = Release|x64
		{79FD7EA9-7B53-4C9B-8BD5-081ECE5AF954}.Release|x64.Build.0 = Release|x64
		{79FD7EA9-7B53-4C9B-8BD5-081ECE5AF954}.Release|x64.Deploy.0 = Release|x64
		{2B170728-07ED-487E-9EBD-5264ED61CE09}.Debug|Win32.ActiveCfg = Debug|Win32
		{2B170728-07ED-487E-9EBD-5264ED61CE09}.Debug|Win32.Build.0 = Debug|Win32
		{2B170728-07ED-487E-9EBD-5264ED61CE09}.Debug|Win32.Deploy.0 = Debug|Win32
		{2B170728-07ED-487E-9EBD-5264ED61CE09}.Debug|x64.ActiveCfg = Debug|x64
		{2B170728-07ED-487E-9EBD-5264ED61CE09}.Debug|x64.Build.0 = Debug|x64
		{2B170728-07ED-487E-9EBD-5264ED61CE09}.Debug|x64.Deploy.0 = Debug|x64
		{2B170728-07ED-487E-9EBD-5264ED61CE09}.Release|Win32.ActiveCfg = Release|Win32
		{2B170728-07ED-487E-9EBD-5264ED61CE09}.Release|Win32.Build.0 = Release|Win32
		{2B170728-07ED-487E-9EBD-5264ED61CE09}.Release|Win32.Deploy.0 = Release|Win32
		{2B170728-07ED-487E-9EBD-5264ED61CE09}.Release|x64.ActiveCfg = Release|x64
		{2B170728-07ED-487E-9EBD-5264ED61CE09}.Release|x64.Build.0 = Release|x64
		{2B170728-07ED-487E-9EBD-5264ED61CE09}.Release|x64.Deploy.0 = Release|x64
		{F7D99387-3E64-4AE0-9996-A7EDCCB442F1}.Debug|Win32.ActiveCfg = Debug|Win32
		{F7D99387-3E64-4AE0-9996-A7EDCCB442F1}.Debug|Win32.Build.0 = Debug|Win32
		{F7D99387-3E64-4AE0-9996-A7EDCCB442F1}.Debug|Win32.Deploy.0 = Debug|Win32
		{F7D99387-3E64-4AE0-9996-A7EDCCB442F1}.Debug|x64.ActiveCfg = Debug|x64
		{F7D99387-3E64-4AE0-9996-A7EDCCB442F1}.Debug|x64.Build.0 = Debug|x64
		{F7D99387-3E64-4AE0-9996-A7EDCCB442F1}.Debug|x64.Deploy.0 = Debug|x64
		{F7D99387-3E64-4AE0-9996-A7EDCCB442F1}.Release|Win32.ActiveCfg = Release|Win32
		{F7D99387-3E64-4AE0-9996-A7EDCCB442F1}.Release|Win32.Build.0 = Release|Win32
		{F7D99387-3E64-4AE0-9996-A7EDCCB442F1}.Release|Win32.Deploy.0 = Release|Win32
		{F7D99387-3E64-4AE0-9996-A7EDCCB442F1}.Release|x64.ActiveCfg = Release|x64
		{F7D99387-3E64-4AE0-9996-A7EDCCB442F1}.Release|x64.Build.0 = Release|x64
		{F7D99387-3E64-4AE0-9996-A7EDCCB442F1}.Release|x64.Deploy.0 = Release|x64
		{A4FA7DFC-2956-4654-A06E-DAF613771D71}.Debug|Win32.ActiveCfg = Debug|Win32
		{A4FA7DFC-2956-4654-A06E-DAF613771D71}.Debug|Win32.Build.0 = Debug|Win32
		{A4FA7DFC-2956-4654-A06E-DAF613771D71}.Debug|Win32.Deploy.0 = Debug|Win32
		{A4FA7DFC-2956-4654-A06E-DAF613771D71}.Debug|x64.ActiveCfg = Debug|x64
		{A4FA7DFC-2956-4654-A06E-DAF613771D71}.Debug|x64.Build.0 = Debug|x64
		{A4FA7DFC-2956-4654-A06E-DAF613771D71}.Debug|x64.Deploy.0 = Debug|x64
		{A4FA7DFC-2956-4654-A06E-DAF613771D71}.Release|Win32.ActiveCfg = Release|Win32
		{A4FA7DFC-2956-4654-A06E-DAF613771D71}.Release|Win32.Build.0 = Release|Win32
		{A4FA7DFC-2956-4654-A06E-DAF613771D71}.Release|Win32.Deploy.0 = Release|Win32
		{A4FA7DFC-2956-4654-A06E-DAF613771D71}.Release|x64.ActiveCfg = Release|x64
		{A4FA7DFC-2956-4654-A06E-DAF613771D71}.Release|x64.Build.0 = Release|x64
		{A4FA7DFC-2956-4654-A06E-DAF613771D71}.Release|x64.Deploy.0 = Release|x64
		{EB8867F5-20E4-48C9-A944-D1FD3BF973A7}.Debug|Win32.ActiveCfg = Debug|Win32
		{EB8867F5-20E4-48C9-A944-D1FD3BF973A7}.Debug|Win32.Build.0 = Debug|Win32
		{EB8867F5-20E4-48C9-A944-D1FD3BF973A7}.Debug|Win32.Deploy.0 = Debug|Win32
		{EB8867F5-20E4-48C9-A944-D1FD3BF973A7}.Debug|x64.ActiveCfg = Debug|x64
		{EB8867F5-20E4-48C9-A944-D1FD3BF973A7}.Debug|x64.Build.0 = Debug|x64
		{EB8867F5-20E4-48C9-A944-D1FD3BF973A7}.Debug|x64.Deploy.0 = Debug|x64
		{EB8867F5-20E4-48C9-A944-D1FD3BF973A7}.Release|Win32.ActiveCfg = Release|Win32
		{EB8867F5-20E4-48C9-A944-D1FD3BF973A7}.Release|Win32.Build.0 = Release|Win32
		{EB8867F5-20E4-48C9-A944-D1FD3BF973A7}.Release|Win32.Deploy.0 = Release|Win32
		{EB8867F5-20E4-48C9-A944-D1FD3BF973A7}.Release|x64.ActiveCfg = Release|x64
		{EB8867F5-20E4-48C9-A944-D1FD3BF973A7}.Release|x64.Build.0 = Release|x64
		{EB8867F5-20E4-48C9-A944-D1FD3BF973A7}.Release|x64.Deploy.0 = Release|x64
		{9B7BE39C-FB02-48C3-9BAE-015E3FAC8635}.Debug|Win32.ActiveCfg = Debug|Win32
		{9B7BE39C-FB02-48C3-9BAE-015E3FAC8635}.Debug|Win32.Build.0 = Debug|Win32
		{9B7BE39C-FB02-48C3-9BAE-015E3FAC8635}.Debug|Win32.Deploy.0 = Debug|Win32
		{9B7BE39C-FB02-48C3-9BAE-015E3FAC8635}.Debug|x64.ActiveCfg = Debug|x64
		{9B7BE39C-FB02-48C3-9BAE-015E3FAC8635}.Debug|x64.Build.0 = Debug|x64
		{9B7BE39C-FB02-48C3-9BAE-015E3FAC8635}.Debug|x64.Deploy.0 = Debug|x64
		{9B7BE39C-FB02-48C3-9BAE-015E3FAC8635}.Release|Win32.ActiveCfg = Release|Win32
		{9B7BE39C-FB02-48C3-9BAE-015E3FAC8635}.Release|Win32.Build.0 = Release|Win32
		{9B7BE39C-FB02-48C3-9BAE-015E3FAC8635}.Release|Win32.Deploy.0 = Release|Win32
		{9B7BE39C-FB02-48C3-9BAE-015E3FAC8635}.Release|x64.ActiveCfg = Release|x64
		{9B7BE39C-FB02-48C3-9BAE-015E3FAC8635}.Release|x64.Build.0 = Release|x64
		{9B7BE39C-FB02-48C3-9BAE-015E3FAC8635}.Release|x64.Deploy.0 = Release|x64
		{60D2DDD3-9DEB-4B20-A051-E6AE0751E842}.Debug|Win32.ActiveCfg = Debug|Win32
		{60D2DDD3-9DEB-4B20-A051-E6AE0751E842}.Debug|Win32.Build.0 = Debug|Win32
		{60D2DDD3-9DEB-4B20-A051-E6AE0751E842}.Debug|Win32.Deploy.0 = Debug|Win32
		{60D2DDD3-9DEB-4B20-A051-E6AE0751E842}.Debug|x64.ActiveCfg = Debug|x64
		{60D2DDD3-9DEB-4B20-A051-E6AE0751E842}.Debug|x64.Build.0 = Debug|x64
		{60D2DDD3-9DEB-4B20-A051-E6AE0751E842}.Debug|x64.Deploy.0 = Debug|x64
		{60D2DDD3-9DEB-4B20-A051-E6AE0751E842}.Release|Win32.ActiveCfg = Release|Win32
		{60D2DDD3-9DEB-4B20-A051-E6AE0751E842}.Release|Win32.Build.0 = Release|Win32
		{60D2DDD3-9DEB-4B20-A051-E6AE0751E842}.Release|Win32.Deploy.0 = Release|Win32
		{60D2DDD3-9DEB-4B20-A051-E6AE0751E842}.Release|x64.ActiveCfg = Release|x64
		{60D2DDD3-9DEB-4B20-A051-E6AE0751E842}.Release|x64.Build.0 = Release|x64
		{60D2DDD3-9DEB-4B20-A051-E6AE0751E842}.Release|x64.Deploy.0 = Release|x64
		{8ACDA4CD-D236-4FB7-AF3C-E9AA9391C064}.Debug|Win32.ActiveCfg = Debug|Win32
		{8ACDA4CD-D236-4FB7-AF3C-E9AA9391C064}.Debug|Win32.Build.0 = Debug|Win32
		{8ACDA4CD-D236-4FB7-AF3C-E9AA9391C064}.Debug|Win32.Deploy.0 = Debug|Win32
		{8ACDA4CD-D236-4FB7-AF3C-E9AA9391C064}.Debug|x64.ActiveCfg = Debug|x64
		{8ACDA4CD-D236-4FB7-AF3C-E9AA9391C064}.Debug|x64.Build.0 = Debug|x64
		{8ACDA4CD-D236-4FB7-AF3C-E9AA9391C064}.Debug|x64.Deploy.0 = Debug|x64
		{8ACDA4CD-D236-4FB7-AF3C-E9AA9391C064}.Release|Win32.ActiveCfg = Release|Win32
		{8ACDA4CD-D236-4FB7-AF3C-E9AA9391C064}.Release|Win32.Build.0 = Release|Win32
		{8ACDA4CD-D236-4FB7-AF3C-E9AA9391C064}.Release|Win32.Deploy.0 = Release|Win32
		{8ACDA4CD-D236-4FB7-AF3C-E9AA9391C064}.Release|x64.ActiveCfg = Release|x64
		{8ACDA4CD-D236-4FB7-AF3C-E9AA9391C064}.Release|x64.Build.0 = Release|x64
		{8ACDA4CD-D236-4FB7-AF3C-E9AA9391C064}.Release|x64.Deploy.0 = Release|x64
		{3EC91715-CBE1-4880-9249-8DA3A59ABB8B}.Debug|Win32.ActiveCfg = Debug|Win32
		{3EC91715-CBE1-4880-9249-8DA3A59ABB8B}.Debug|Win32.Build.0 = Debug|Win32
		{3EC91715-CBE1-4880-9249-8DA3A59ABB8B}.Debug|Win32.Deploy.0 = Debug|Win32
		{3EC91715-CBE1-4880-9249-8DA3A59ABB8B}.Debug|x64.ActiveCfg = Debug|x64
		{3EC91715-CBE1-4880-9249-8DA3A59ABB8B}.Debug|x64.Build.0 = Debug|x64
		{3EC91715-CBE1-4880-9249-8DA3A59ABB8B}.Debug|x64.Deploy.0 = Debug|x64
		{3EC91715-CBE1-4880-9249-8DA3A59ABB8B}.Release|Win32.ActiveCfg = Release|Win32
		{3EC91715-CBE1-4880-9249-8DA3A59ABB8B}.Release|Win32.Build.0 = Release|Win32
		{3EC91715-CBE1-4880-9249-8DA3A59ABB8B}.Release|Win32.Deploy.0 = Release|Win32
		{3EC91715-CBE1-4880-9249-8DA3A59ABB8B}.Release|x64.ActiveCfg = Release|x64
		{3EC91715-CBE1-4880-9249-8DA3A59ABB8B}.Release|x64.Build.0 = Release|x64
		{3EC91715-CBE1-4880-9249-8DA3A59ABB8B}.Release|x64.Deploy.0 = Release|x64
		{E86B3422-F7D8-4791-941F-8FF0B90816A0}.Debug|Win32.ActiveCfg = Debug|Win32
		{E86B3422-F7D8-4791-941F-8FF0B90816A0}.Debug|Win32.Build.0 = Debug|Win32
		{E86B3422-F7D8-4791-941F-8FF0B90816A0}.Debug|Win32.Deploy.0 = Debug|Win32
		{E86B3422-F7D8-4791-941F-8FF0B90816A0}.Debug|x64.ActiveCfg = Debug|x64
		{E86B3422-F7D8-4791-941F-8FF0B90816A0}.Debug|x64.Build.0 = Debug|x64
		{E86B3422-F7D8-4791-941F-8FF0B90816A0}.Debug|x64.Deploy.0 = Debug|x64
		{E86B3422-F7D8-4791-941F-8FF0B90816A0}.Release|Win32.ActiveCfg = Release|Win32
		{E86B3422-F7D8-4791-941F-8FF0B90816A0}.Release|Win32.Build.0 = Release|Win32
		{E86B3422-F7D8-4791-941F-8FF0B90816A0}.Release|Win32.Deploy.0 = Release|Win32
		{E86B3422-F7D8-4791-941F-8FF0B90816A0}.Release|x64.ActiveCfg = Release|x64
		{E86B3422-F7D8-4791-941F-8FF0B90816A0}.Release|x64.Build.0 = Release|x64
		{E86B3422-F7D8-4791-941F-8FF0B90816A0}.Release|x64.Deploy.0 = Release|x64
		{F572A2E6-48AF-4165-ADFD-73035D184F4D}.Debug|Win32.ActiveCfg = Debug|Win32
		{F572A2E6-48AF-4165-ADFD-73035D184F4D}.Debug|Win32.Build.0 = Debug|Win32
		{F572A2E6-48AF-4165-ADFD-73035D184F4D}.Debug|Win32.Deploy.0 = Debug|Win32
		{F572A2E6-48AF-4165-ADFD-73035D184F4D}.Debug|x64.ActiveCfg = Debug|x64
		{F572A2E6-48AF-4165-ADFD-73035D184F4D}.Debug|x64.Build.0 = Debug|x64
		{F572A2E6-48AF-4165-ADFD-73035D184F4D}.Debug|x64.Deploy.0 = Debug|x64
		{F572A2E6-48AF-4165-ADFD-73035D184F4D}.Release|Win32.ActiveCfg = Release|Win32
		{F572A2E6-48AF-4165-ADFD-73035D184F4D}.Release|Win32.Build.0 = Release|Win32
		{F572A2E6-48AF-4165-ADFD-73035D184F4D}.Release|Win32.Deploy.0 = Release|Win32
		{F572A2E6-48AF-4165-ADFD-73035D184F4D}.Release|x64.ActiveCfg = Release|x64
		{F572A2E6-48AF-4165-ADFD-73035D184F4D}.Release|x64.Build.0 = Release|x64
		{F572A2E6-48AF-4165-ADFD-73035D184F4D}.Release|x64.Deploy.0 = Release|x64
	EndGlobalSection
	GlobalSection(SolutionProperties) = preSolution
		HideSolutionNode = FALSE
	EndGlobalSection
EndGlobal
