
Microsoft Visual Studio Solution File, Format Version 11.00
# Visual Studio Version 16
Project("{8BC9CEB8-8B4A-11D0-8D11-00A0C91BC942}") = "3d", "3d.vcxproj", "{59F9AD2E-ACF2-4C40-9A09-B5967B2E5BFB}"
EndProject
Project("{8BC9CEB8-8B4A-11D0-8D11-00A0C91BC942}") = "asyncio", "asyncio.vcxproj", "{2B8D43D4-1E2E-4182-A10C-86D76419452A}"
EndProject
Project("{8BC9CEB8-8B4A-11D0-8D11-00A0C91BC942}") = "channel_groups", "channel_groups.vcxproj", "{60DBE49E-BD1D-48A7-977E-C91CA1B8A099}"
EndProject
Project("{8BC9CEB8-8B4A-11D0-8D11-00A0C91BC942}") = "convolution_reverb", "convolution_reverb.vcxproj", "{974FC374-2645-4D63-91E4-6E5803B22581}"
EndProject
Project("{8BC9CEB8-8B4A-11D0-8D11-00A0C91BC942}") = "dsp_custom", "dsp_custom.vcxproj", "{E1ED0B27-91A3-49B0-A4AF-C0DE599649BA}"
EndProject
Project("{8BC9CEB8-8B4A-11D0-8D11-00A0C91BC942}") = "dsp_effect_per_speaker", "dsp_effect_per_speaker.vcxproj", "{13A38197-1465-4041-AFD4-7A70D1354846}"
EndProject
Project("{8BC9CEB8-8B4A-11D0-8D11-00A0C91BC942}") = "dsp_inspector", "dsp_inspector.vcxproj", "{5338D58F-0196-4C9C-A32E-5B908211EDB0}"
EndProject
Project("{8BC9CEB8-8B4A-11D0-8D11-00A0C91BC942}") = "effects", "effects.vcxproj", "{272E1073-7AB0-4DEF-A5BD-2CA4B1B7F8A8}"
EndProject
Project("{8BC9CEB8-8B4A-11D0-8D11-00A0C91BC942}") = "gapless_playback", "gapless_playback.vcxproj", "{D93C87FE-C44D-4B5E-B671-308498700820}"
EndProject
Project("{8BC9CEB8-8B4A-11D0-8D11-00A0C91BC942}") = "generate_tone", "generate_tone.vcxproj", "{1E660140-7D9C-402C-9765-59FD41EEDC5D}"
EndProject
Project("{8BC9CEB8-8B4A-11D0-8D11-00A0C91BC942}") = "granular_synth", "granular_synth.vcxproj", "{D63EE4CC-6DD6-4C3A-8B88-39C8BC2D790A}"
EndProject
Project("{8BC9CEB8-8B4A-11D0-8D11-00A0C91BC942}") = "load_from_memory", "load_from_memory.vcxproj", "{23736D00-C361-4E81-9BA3-060640E762E9}"
EndProject
Project("{8BC9CEB8-8B4A-11D0-8D11-00A0C91BC942}") = "multiple_speaker", "multiple_speaker.vcxproj", "{B1FF17C8-8B10-4D5E-8228-FB83C4F9EC47}"
EndProject
Project("{8BC9CEB8-8B4A-11D0-8D11-00A0C91BC942}") = "multiple_system", "multiple_system.vcxproj", "{8826060F-BA5B-4646-A7D0-2BDA6A8A07E5}"
EndProject
Project("{8BC9CEB8-8B4A-11D0-8D11-00A0C91BC942}") = "net_stream", "net_stream.vcxproj", "{F10A7BD0-5E8B-4C14-80B0-552B58EAB79E}"
EndProject
Project("{8BC9CEB8-8B4A-11D0-8D11-00A0C91BC942}") = "play_sound", "play_sound.vcxproj", "{657DEAC3-6C93-4D69-81EA-AD4312E9048C}"
EndProject
Project("{8BC9CEB8-8B4A-11D0-8D11-00A0C91BC942}") = "play_stream", "play_stream.vcxproj", "{A869BAD6-C458-4E94-806F-FEA1F7B9AEA8}"
EndProject
Project("{8BC9CEB8-8B4A-11D0-8D11-00A0C91BC942}") = "record", "record.vcxproj", "{44FE651E-E079-41E7-855F-320E6CA57072}"
EndProject
Project("{8BC9CEB8-8B4A-11D0-8D11-00A0C91BC942}") = "record_enumeration", "record_enumeration.vcxproj", "{67D8F5EB-11FE-4989-932E-BCB6FC8779F6}"
EndProject
Project("{8BC9CEB8-8B4A-11D0-8D11-00A0C91BC942}") = "user_created_sound", "user_created_sound.vcxproj", "{98AAF578-4C11-42D8-8A0A-C0AF1B31D621}"
EndProject
Project("{8BC9CEB8-8B4A-11D0-8D11-00A0C91BC942}") = "fmod_codec_raw", "fmod_codec_raw.vcxproj", "{04F857F2-992A-4A84-994D-5DBAEAA6AD85}"
EndProject
Project("{8BC9CEB8-8B4A-11D0-8D11-00A0C91BC942}") = "fmod_distance_filter", "fmod_distance_filter.vcxproj", "{80D85A86-E3A4-45CF-8DAF-BFE7C293DDB5}"
EndProject
Project("{8BC9CEB8-8B4A-11D0-8D11-00A0C91BC942}") = "fmod_gain", "fmod_gain.vcxproj", "{4AA925D3-4E94-4E99-9C26-32F26CAA82FE}"
EndProject
Project("{8BC9CEB8-8B4A-11D0-8D11-00A0C91BC942}") = "fmod_noise", "fmod_noise.vcxproj", "{80F66491-8BC0-4C5C-80CB-14BECA1DCCEB}"
EndProject
Project("{8BC9CEB8-8B4A-11D0-8D11-00A0C91BC942}") = "output_mp3", "output_mp3.vcxproj", "{FAF2D09C-F421-4091-83B5-1B018C483B46}"
EndProject
Global
	GlobalSection(SolutionConfigurationPlatforms) = preSolution
		Debug|Win32 = Debug|Win32
		Debug|x64 = Debug|x64
		Release|Win32 = Release|Win32
		Release|x64 = Release|x64
	EndGlobalSection
	GlobalSection(ProjectConfigurationPlatforms) = postSolution
		{59F9AD2E-ACF2-4C40-9A09-B5967B2E5BFB}.Debug|Win32.ActiveCfg = Debug|Win32
		{59F9AD2E-ACF2-4C40-9A09-B5967B2E5BFB}.Debug|Win32.Build.0 = Debug|Win32
		{59F9AD2E-ACF2-4C40-9A09-B5967B2E5BFB}.Debug|Win32.Deploy.0 = Debug|Win32
		{59F9AD2E-ACF2-4C40-9A09-B5967B2E5BFB}.Debug|x64.ActiveCfg = Debug|x64
		{59F9AD2E-ACF2-4C40-9A09-B5967B2E5BFB}.Debug|x64.Build.0 = Debug|x64
		{59F9AD2E-ACF2-4C40-9A09-B5967B2E5BFB}.Debug|x64.Deploy.0 = Debug|x64
		{59F9AD2E-ACF2-4C40-9A09-B5967B2E5BFB}.Release|Win32.ActiveCfg = Release|Win32
		{59F9AD2E-ACF2-4C40-9A09-B5967B2E5BFB}.Release|Win32.Build.0 = Release|Win32
		{59F9AD2E-ACF2-4C40-9A09-B5967B2E5BFB}.Release|Win32.Deploy.0 = Release|Win32
		{59F9AD2E-ACF2-4C40-9A09-B5967B2E5BFB}.Release|x64.ActiveCfg = Release|x64
		{59F9AD2E-ACF2-4C40-9A09-B5967B2E5BFB}.Release|x64.Build.0 = Release|x64
		{59F9AD2E-ACF2-4C40-9A09-B5967B2E5BFB}.Release|x64.Deploy.0 = Release|x64
		{2B8D43D4-1E2E-4182-A10C-86D76419452A}.Debug|Win32.ActiveCfg = Debug|Win32
		{2B8D43D4-1E2E-4182-A10C-86D76419452A}.Debug|Win32.Build.0 = Debug|Win32
		{2B8D43D4-1E2E-4182-A10C-86D76419452A}.Debug|Win32.Deploy.0 = Debug|Win32
		{2B8D43D4-1E2E-4182-A10C-86D76419452A}.Debug|x64.ActiveCfg = Debug|x64
		{2B8D43D4-1E2E-4182-A10C-86D76419452A}.Debug|x64.Build.0 = Debug|x64
		{2B8D43D4-1E2E-4182-A10C-86D76419452A}.Debug|x64.Deploy.0 = Debug|x64
		{2B8D43D4-1E2E-4182-A10C-86D76419452A}.Release|Win32.ActiveCfg = Release|Win32
		{2B8D43D4-1E2E-4182-A10C-86D76419452A}.Release|Win32.Build.0 = Release|Win32
		{2B8D43D4-1E2E-4182-A10C-86D76419452A}.Release|Win32.Deploy.0 = Release|Win32
		{2B8D43D4-1E2E-4182-A10C-86D76419452A}.Release|x64.ActiveCfg = Release|x64
		{2B8D43D4-1E2E-4182-A10C-86D76419452A}.Release|x64.Build.0 = Release|x64
		{2B8D43D4-1E2E-4182-A10C-86D76419452A}.Release|x64.Deploy.0 = Release|x64
		{60DBE49E-BD1D-48A7-977E-C91CA1B8A099}.Debug|Win32.ActiveCfg = Debug|Win32
		{60DBE49E-BD1D-48A7-977E-C91CA1B8A099}.Debug|Win32.Build.0 = Debug|Win32
		{60DBE49E-BD1D-48A7-977E-C91CA1B8A099}.Debug|Win32.Deploy.0 = Debug|Win32
		{60DBE49E-BD1D-48A7-977E-C91CA1B8A099}.Debug|x64.ActiveCfg = Debug|x64
		{60DBE49E-BD1D-48A7-977E-C91CA1B8A099}.Debug|x64.Build.0 = Debug|x64
		{60DBE49E-BD1D-48A7-977E-C91CA1B8A099}.Debug|x64.Deploy.0 = Debug|x64
		{60DBE49E-BD1D-48A7-977E-C91CA1B8A099}.Release|Win32.ActiveCfg = Release|Win32
		{60DBE49E-BD1D-48A7-977E-C91CA1B8A099}.Release|Win32.Build.0 = Release|Win32
		{60DBE49E-BD1D-48A7-977E-C91CA1B8A099}.Release|Win32.Deploy.0 = Release|Win32
		{60DBE49E-BD1D-48A7-977E-C91CA1B8A099}.Release|x64.ActiveCfg = Release|x64
		{60DBE49E-BD1D-48A7-977E-C91CA1B8A099}.Release|x64.Build.0 = Release|x64
		{60DBE49E-BD1D-48A7-977E-C91CA1B8A099}.Release|x64.Deploy.0 = Release|x64
		{974FC374-2645-4D63-91E4-6E5803B22581}.Debug|Win32.ActiveCfg = Debug|Win32
		{974FC374-2645-4D63-91E4-6E5803B22581}.Debug|Win32.Build.0 = Debug|Win32
		{974FC374-2645-4D63-91E4-6E5803B22581}.Debug|Win32.Deploy.0 = Debug|Win32
		{974FC374-2645-4D63-91E4-6E5803B22581}.Debug|x64.ActiveCfg = Debug|x64
		{974FC374-2645-4D63-91E4-6E5803B22581}.Debug|x64.Build.0 = Debug|x64
		{974FC374-2645-4D63-91E4-6E5803B22581}.Debug|x64.Deploy.0 = Debug|x64
		{974FC374-2645-4D63-91E4-6E5803B22581}.Release|Win32.ActiveCfg = Release|Win32
		{974FC374-2645-4D63-91E4-6E5803B22581}.Release|Win32.Build.0 = Release|Win32
		{974FC374-2645-4D63-91E4-6E5803B22581}.Release|Win32.Deploy.0 = Release|Win32
		{974FC374-2645-4D63-91E4-6E5803B22581}.Release|x64.ActiveCfg = Release|x64
		{974FC374-2645-4D63-91E4-6E5803B22581}.Release|x64.Build.0 = Release|x64
		{974FC374-2645-4D63-91E4-6E5803B22581}.Release|x64.Deploy.0 = Release|x64
		{E1ED0B27-91A3-49B0-A4AF-C0DE599649BA}.Debug|Win32.ActiveCfg = Debug|Win32
		{E1ED0B27-91A3-49B0-A4AF-C0DE599649BA}.Debug|Win32.Build.0 = Debug|Win32
		{E1ED0B27-91A3-49B0-A4AF-C0DE599649BA}.Debug|Win32.Deploy.0 = Debug|Win32
		{E1ED0B27-91A3-49B0-A4AF-C0DE599649BA}.Debug|x64.ActiveCfg = Debug|x64
		{E1ED0B27-91A3-49B0-A4AF-C0DE599649BA}.Debug|x64.Build.0 = Debug|x64
		{E1ED0B27-91A3-49B0-A4AF-C0DE599649BA}.Debug|x64.Deploy.0 = Debug|x64
		{E1ED0B27-91A3-49B0-A4AF-C0DE599649BA}.Release|Win32.ActiveCfg = Release|Win32
		{E1ED0B27-91A3-49B0-A4AF-C0DE599649BA}.Release|Win32.Build.0 = Release|Win32
		{E1ED0B27-91A3-49B0-A4AF-C0DE599649BA}.Release|Win32.Deploy.0 = Release|Win32
		{E1ED0B27-91A3-49B0-A4AF-C0DE599649BA}.Release|x64.ActiveCfg = Release|x64
		{E1ED0B27-91A3-49B0-A4AF-C0DE599649BA}.Release|x64.Build.0 = Release|x64
		{E1ED0B27-91A3-49B0-A4AF-C0DE599649BA}.Release|x64.Deploy.0 = Release|x64
		{13A38197-1465-4041-AFD4-7A70D1354846}.Debug|Win32.ActiveCfg = Debug|Win32
		{13A38197-1465-4041-AFD4-7A70D1354846}.Debug|Win32.Build.0 = Debug|Win32
		{13A38197-1465-4041-AFD4-7A70D1354846}.Debug|Win32.Deploy.0 = Debug|Win32
		{13A38197-1465-4041-AFD4-7A70D1354846}.Debug|x64.ActiveCfg = Debug|x64
		{13A38197-1465-4041-AFD4-7A70D1354846}.Debug|x64.Build.0 = Debug|x64
		{13A38197-1465-4041-AFD4-7A70D1354846}.Debug|x64.Deploy.0 = Debug|x64
		{13A38197-1465-4041-AFD4-7A70D1354846}.Release|Win32.ActiveCfg = Release|Win32
		{13A38197-1465-4041-AFD4-7A70D1354846}.Release|Win32.Build.0 = Release|Win32
		{13A38197-1465-4041-AFD4-7A70D1354846}.Release|Win32.Deploy.0 = Release|Win32
		{13A38197-1465-4041-AFD4-7A70D1354846}.Release|x64.ActiveCfg = Release|x64
		{13A38197-1465-4041-AFD4-7A70D1354846}.Release|x64.Build.0 = Release|x64
		{13A38197-1465-4041-AFD4-7A70D1354846}.Release|x64.Deploy.0 = Release|x64
		{5338D58F-0196-4C9C-A32E-5B908211EDB0}.Debug|Win32.ActiveCfg = Debug|Win32
		{5338D58F-0196-4C9C-A32E-5B908211EDB0}.Debug|Win32.Build.0 = Debug|Win32
		{5338D58F-0196-4C9C-A32E-5B908211EDB0}.Debug|Win32.Deploy.0 = Debug|Win32
		{5338D58F-0196-4C9C-A32E-5B908211EDB0}.Debug|x64.ActiveCfg = Debug|x64
		{5338D58F-0196-4C9C-A32E-5B908211EDB0}.Debug|x64.Build.0 = Debug|x64
		{5338D58F-0196-4C9C-A32E-5B908211EDB0}.Debug|x64.Deploy.0 = Debug|x64
		{5338D58F-0196-4C9C-A32E-5B908211EDB0}.Release|Win32.ActiveCfg = Release|Win32
		{5338D58F-0196-4C9C-A32E-5B908211EDB0}.Release|Win32.Build.0 = Release|Win32
		{5338D58F-0196-4C9C-A32E-5B908211EDB0}.Release|Win32.Deploy.0 = Release|Win32
		{5338D58F-0196-4C9C-A32E-5B908211EDB0}.Release|x64.ActiveCfg = Release|x64
		{5338D58F-0196-4C9C-A32E-5B908211EDB0}.Release|x64.Build.0 = Release|x64
		{5338D58F-0196-4C9C-A32E-5B908211EDB0}.Release|x64.Deploy.0 = Release|x64
		{272E1073-7AB0-4DEF-A5BD-2CA4B1B7F8A8}.Debug|Win32.ActiveCfg = Debug|Win32
		{272E1073-7AB0-4DEF-A5BD-2CA4B1B7F8A8}.Debug|Win32.Build.0 = Debug|Win32
		{272E1073-7AB0-4DEF-A5BD-2CA4B1B7F8A8}.Debug|Win32.Deploy.0 = Debug|Win32
		{272E1073-7AB0-4DEF-A5BD-2CA4B1B7F8A8}.Debug|x64.ActiveCfg = Debug|x64
		{272E1073-7AB0-4DEF-A5BD-2CA4B1B7F8A8}.Debug|x64.Build.0 = Debug|x64
		{272E1073-7AB0-4DEF-A5BD-2CA4B1B7F8A8}.Debug|x64.Deploy.0 = Debug|x64
		{272E1073-7AB0-4DEF-A5BD-2CA4B1B7F8A8}.Release|Win32.ActiveCfg = Release|Win32
		{272E1073-7AB0-4DEF-A5BD-2CA4B1B7F8A8}.Release|Win32.Build.0 = Release|Win32
		{272E1073-7AB0-4DEF-A5BD-2CA4B1B7F8A8}.Release|Win32.Deploy.0 = Release|Win32
		{272E1073-7AB0-4DEF-A5BD-2CA4B1B7F8A8}.Release|x64.ActiveCfg = Release|x64
		{272E1073-7AB0-4DEF-A5BD-2CA4B1B7F8A8}.Release|x64.Build.0 = Release|x64
		{272E1073-7AB0-4DEF-A5BD-2CA4B1B7F8A8}.Release|x64.Deploy.0 = Release|x64
		{D93C87FE-C44D-4B5E-B671-308498700820}.Debug|Win32.ActiveCfg = Debug|Win32
		{D93C87FE-C44D-4B5E-B671-308498700820}.Debug|Win32.Build.0 = Debug|Win32
		{D93C87FE-C44D-4B5E-B671-308498700820}.Debug|Win32.Deploy.0 = Debug|Win32
		{D93C87FE-C44D-4B5E-B671-308498700820}.Debug|x64.ActiveCfg = Debug|x64
		{D93C87FE-C44D-4B5E-B671-308498700820}.Debug|x64.Build.0 = Debug|x64
		{D93C87FE-C44D-4B5E-B671-308498700820}.Debug|x64.Deploy.0 = Debug|x64
		{D93C87FE-C44D-4B5E-B671-308498700820}.Release|Win32.ActiveCfg = Release|Win32
		{D93C87FE-C44D-4B5E-B671-308498700820}.Release|Win32.Build.0 = Release|Win32
		{D93C87FE-C44D-4B5E-B671-308498700820}.Release|Win32.Deploy.0 = Release|Win32
		{D93C87FE-C44D-4B5E-B671-308498700820}.Release|x64.ActiveCfg = Release|x64
		{D93C87FE-C44D-4B5E-B671-308498700820}.Release|x64.Build.0 = Release|x64
		{D93C87FE-C44D-4B5E-B671-308498700820}.Release|x64.Deploy.0 = Release|x64
		{1E660140-7D9C-402C-9765-59FD41EEDC5D}.Debug|Win32.ActiveCfg = Debug|Win32
		{1E660140-7D9C-402C-9765-59FD41EEDC5D}.Debug|Win32.Build.0 = Debug|Win32
		{1E660140-7D9C-402C-9765-59FD41EEDC5D}.Debug|Win32.Deploy.0 = Debug|Win32
		{1E660140-7D9C-402C-9765-59FD41EEDC5D}.Debug|x64.ActiveCfg = Debug|x64
		{1E660140-7D9C-402C-9765-59FD41EEDC5D}.Debug|x64.Build.0 = Debug|x64
		{1E660140-7D9C-402C-9765-59FD41EEDC5D}.Debug|x64.Deploy.0 = Debug|x64
		{1E660140-7D9C-402C-9765-59FD41EEDC5D}.Release|Win32.ActiveCfg = Release|Win32
		{1E660140-7D9C-402C-9765-59FD41EEDC5D}.Release|Win32.Build.0 = Release|Win32
		{1E660140-7D9C-402C-9765-59FD41EEDC5D}.Release|Win32.Deploy.0 = Release|Win32
		{1E660140-7D9C-402C-9765-59FD41EEDC5D}.Release|x64.ActiveCfg = Release|x64
		{1E660140-7D9C-402C-9765-59FD41EEDC5D}.Release|x64.Build.0 = Release|x64
		{1E660140-7D9C-402C-9765-59FD41EEDC5D}.Release|x64.Deploy.0 = Release|x64
		{D63EE4CC-6DD6-4C3A-8B88-39C8BC2D790A}.Debug|Win32.ActiveCfg = Debug|Win32
		{D63EE4CC-6DD6-4C3A-8B88-39C8BC2D790A}.Debug|Win32.Build.0 = Debug|Win32
		{D63EE4CC-6DD6-4C3A-8B88-39C8BC2D790A}.Debug|Win32.Deploy.0 = Debug|Win32
		{D63EE4CC-6DD6-4C3A-8B88-39C8BC2D790A}.Debug|x64.ActiveCfg = Debug|x64
		{D63EE4CC-6DD6-4C3A-8B88-39C8BC2D790A}.Debug|x64.Build.0 = Debug|x64
		{D63EE4CC-6DD6-4C3A-8B88-39C8BC2D790A}.Debug|x64.Deploy.0 = Debug|x64
		{D63EE4CC-6DD6-4C3A-8B88-39C8BC2D790A}.Release|Win32.ActiveCfg = Release|Win32
		{D63EE4CC-6DD6-4C3A-8B88-39C8BC2D790A}.Release|Win32.Build.0 = Release|Win32
		{D63EE4CC-6DD6-4C3A-8B88-39C8BC2D790A}.Release|Win32.Deploy.0 = Release|Win32
		{D63EE4CC-6DD6-4C3A-8B88-39C8BC2D790A}.Release|x64.ActiveCfg = Release|x64
		{D63EE4CC-6DD6-4C3A-8B88-39C8BC2D790A}.Release|x64.Build.0 = Release|x64
		{D63EE4CC-6DD6-4C3A-8B88-39C8BC2D790A}.Release|x64.Deploy.0 = Release|x64
		{23736D00-C361-4E81-9BA3-060640E762E9}.Debug|Win32.ActiveCfg = Debug|Win32
		{23736D00-C361-4E81-9BA3-060640E762E9}.Debug|Win32.Build.0 = Debug|Win32
		{23736D00-C361-4E81-9BA3-060640E762E9}.Debug|Win32.Deploy.0 = Debug|Win32
		{23736D00-C361-4E81-9BA3-060640E762E9}.Debug|x64.ActiveCfg = Debug|x64
		{23736D00-C361-4E81-9BA3-060640E762E9}.Debug|x64.Build.0 = Debug|x64
		{23736D00-C361-4E81-9BA3-060640E762E9}.Debug|x64.Deploy.0 = Debug|x64
		{23736D00-C361-4E81-9BA3-060640E762E9}.Release|Win32.ActiveCfg = Release|Win32
		{23736D00-C361-4E81-9BA3-060640E762E9}.Release|Win32.Build.0 = Release|Win32
		{23736D00-C361-4E81-9BA3-060640E762E9}.Release|Win32.Deploy.0 = Release|Win32
		{23736D00-C361-4E81-9BA3-060640E762E9}.Release|x64.ActiveCfg = Release|x64
		{23736D00-C361-4E81-9BA3-060640E762E9}.Release|x64.Build.0 = Release|x64
		{23736D00-C361-4E81-9BA3-060640E762E9}.Release|x64.Deploy.0 = Release|x64
		{B1FF17C8-8B10-4D5E-8228-FB83C4F9EC47}.Debug|Win32.ActiveCfg = Debug|Win32
		{B1FF17C8-8B10-4D5E-8228-FB83C4F9EC47}.Debug|Win32.Build.0 = Debug|Win32
		{B1FF17C8-8B10-4D5E-8228-FB83C4F9EC47}.Debug|Win32.Deploy.0 = Debug|Win32
		{B1FF17C8-8B10-4D5E-8228-FB83C4F9EC47}.Debug|x64.ActiveCfg = Debug|x64
		{B1FF17C8-8B10-4D5E-8228-FB83C4F9EC47}.Debug|x64.Build.0 = Debug|x64
		{B1FF17C8-8B10-4D5E-8228-FB83C4F9EC47}.Debug|x64.Deploy.0 = Debug|x64
		{B1FF17C8-8B10-4D5E-8228-FB83C4F9EC47}.Release|Win32.ActiveCfg = Release|Win32
		{B1FF17C8-8B10-4D5E-8228-FB83C4F9EC47}.Release|Win32.Build.0 = Release|Win32
		{B1FF17C8-8B10-4D5E-8228-FB83C4F9EC47}.Release|Win32.Deploy.0 = Release|Win32
		{B1FF17C8-8B10-4D5E-8228-FB83C4F9EC47}.Release|x64.ActiveCfg = Release|x64
		{B1FF17C8-8B10-4D5E-8228-FB83C4F9EC47}.Release|x64.Build.0 = Release|x64
		{B1FF17C8-8B10-4D5E-8228-FB83C4F9EC47}.Release|x64.Deploy.0 = Release|x64
		{8826060F-BA5B-4646-A7D0-2BDA6A8A07E5}.Debug|Win32.ActiveCfg = Debug|Win32
		{8826060F-BA5B-4646-A7D0-2BDA6A8A07E5}.Debug|Win32.Build.0 = Debug|Win32
		{8826060F-BA5B-4646-A7D0-2BDA6A8A07E5}.Debug|Win32.Deploy.0 = Debug|Win32
		{8826060F-BA5B-4646-A7D0-2BDA6A8A07E5}.Debug|x64.ActiveCfg = Debug|x64
		{8826060F-BA5B-4646-A7D0-2BDA6A8A07E5}.Debug|x64.Build.0 = Debug|x64
		{8826060F-BA5B-4646-A7D0-2BDA6A8A07E5}.Debug|x64.Deploy.0 = Debug|x64
		{8826060F-BA5B-4646-A7D0-2BDA6A8A07E5}.Release|Win32.ActiveCfg = Release|Win32
		{8826060F-BA5B-4646-A7D0-2BDA6A8A07E5}.Release|Win32.Build.0 = Release|Win32
		{8826060F-BA5B-4646-A7D0-2BDA6A8A07E5}.Release|Win32.Deploy.0 = Release|Win32
		{8826060F-BA5B-4646-A7D0-2BDA6A8A07E5}.Release|x64.ActiveCfg = Release|x64
		{8826060F-BA5B-4646-A7D0-2BDA6A8A07E5}.Release|x64.Build.0 = Release|x64
		{8826060F-BA5B-4646-A7D0-2BDA6A8A07E5}.Release|x64.Deploy.0 = Release|x64
		{F10A7BD0-5E8B-4C14-80B0-552B58EAB79E}.Debug|Win32.ActiveCfg = Debug|Win32
		{F10A7BD0-5E8B-4C14-80B0-552B58EAB79E}.Debug|Win32.Build.0 = Debug|Win32
		{F10A7BD0-5E8B-4C14-80B0-552B58EAB79E}.Debug|Win32.Deploy.0 = Debug|Win32
		{F10A7BD0-5E8B-4C14-80B0-552B58EAB79E}.Debug|x64.ActiveCfg = Debug|x64
		{F10A7BD0-5E8B-4C14-80B0-552B58EAB79E}.Debug|x64.Build.0 = Debug|x64
		{F10A7BD0-5E8B-4C14-80B0-552B58EAB79E}.Debug|x64.Deploy.0 = Debug|x64
		{F10A7BD0-5E8B-4C14-80B0-552B58EAB79E}.Release|Win32.ActiveCfg = Release|Win32
		{F10A7BD0-5E8B-4C14-80B0-552B58EAB79E}.Release|Win32.Build.0 = Release|Win32
		{F10A7BD0-5E8B-4C14-80B0-552B58EAB79E}.Release|Win32.Deploy.0 = Release|Win32
		{F10A7BD0-5E8B-4C14-80B0-552B58EAB79E}.Release|x64.ActiveCfg = Release|x64
		{F10A7BD0-5E8B-4C14-80B0-552B58EAB79E}.Release|x64.Build.0 = Release|x64
		{F10A7BD0-5E8B-4C14-80B0-552B58EAB79E}.Release|x64.Deploy.0 = Release|x64
		{657DEAC3-6C93-4D69-81EA-AD4312E9048C}.Debug|Win32.ActiveCfg = Debug|Win32
		{657DEAC3-6C93-4D69-81EA-AD4312E9048C}.Debug|Win32.Build.0 = Debug|Win32
		{657DEAC3-6C93-4D69-81EA-AD4312E9048C}.Debug|Win32.Deploy.0 = Debug|Win32
		{657DEAC3-6C93-4D69-81EA-AD4312E9048C}.Debug|x64.ActiveCfg = Debug|x64
		{657DEAC3-6C93-4D69-81EA-AD4312E9048C}.Debug|x64.Build.0 = Debug|x64
		{657DEAC3-6C93-4D69-81EA-AD4312E9048C}.Debug|x64.Deploy.0 = Debug|x64
		{657DEAC3-6C93-4D69-81EA-AD4312E9048C}.Release|Win32.ActiveCfg = Release|Win32
		{657DEAC3-6C93-4D69-81EA-AD4312E9048C}.Release|Win32.Build.0 = Release|Win32
		{657DEAC3-6C93-4D69-81EA-AD4312E9048C}.Release|Win32.Deploy.0 = Release|Win32
		{657DEAC3-6C93-4D69-81EA-AD4312E9048C}.Release|x64.ActiveCfg = Release|x64
		{657DEAC3-6C93-4D69-81EA-AD4312E9048C}.Release|x64.Build.0 = Release|x64
		{657DEAC3-6C93-4D69-81EA-AD4312E9048C}.Release|x64.Deploy.0 = Release|x64
		{A869BAD6-C458-4E94-806F-FEA1F7B9AEA8}.Debug|Win32.ActiveCfg = Debug|Win32
		{A869BAD6-C458-4E94-806F-FEA1F7B9AEA8}.Debug|Win32.Build.0 = Debug|Win32
		{A869BAD6-C458-4E94-806F-FEA1F7B9AEA8}.Debug|Win32.Deploy.0 = Debug|Win32
		{A869BAD6-C458-4E94-806F-FEA1F7B9AEA8}.Debug|x64.ActiveCfg = Debug|x64
		{A869BAD6-C458-4E94-806F-FEA1F7B9AEA8}.Debug|x64.Build.0 = Debug|x64
		{A869BAD6-C458-4E94-806F-FEA1F7B9AEA8}.Debug|x64.Deploy.0 = Debug|x64
		{A869BAD6-C458-4E94-806F-FEA1F7B9AEA8}.Release|Win32.ActiveCfg = Release|Win32
		{A869BAD6-C458-4E94-806F-FEA1F7B9AEA8}.Release|Win32.Build.0 = Release|Win32
		{A869BAD6-C458-4E94-806F-FEA1F7B9AEA8}.Release|Win32.Deploy.0 = Release|Win32
		{A869BAD6-C458-4E94-806F-FEA1F7B9AEA8}.Release|x64.ActiveCfg = Release|x64
		{A869BAD6-C458-4E94-806F-FEA1F7B9AEA8}.Release|x64.Build.0 = Release|x64
		{A869BAD6-C458-4E94-806F-FEA1F7B9AEA8}.Release|x64.Deploy.0 = Release|x64
		{44FE651E-E079-41E7-855F-320E6CA57072}.Debug|Win32.ActiveCfg = Debug|Win32
		{44FE651E-E079-41E7-855F-320E6CA57072}.Debug|Win32.Build.0 = Debug|Win32
		{44FE651E-E079-41E7-855F-320E6CA57072}.Debug|Win32.Deploy.0 = Debug|Win32
		{44FE651E-E079-41E7-855F-320E6CA57072}.Debug|x64.ActiveCfg = Debug|x64
		{44FE651E-E079-41E7-855F-320E6CA57072}.Debug|x64.Build.0 = Debug|x64
		{44FE651E-E079-41E7-855F-320E6CA57072}.Debug|x64.Deploy.0 = Debug|x64
		{44FE651E-E079-41E7-855F-320E6CA57072}.Release|Win32.ActiveCfg = Release|Win32
		{44FE651E-E079-41E7-855F-320E6CA57072}.Release|Win32.Build.0 = Release|Win32
		{44FE651E-E079-41E7-855F-320E6CA57072}.Release|Win32.Deploy.0 = Release|Win32
		{44FE651E-E079-41E7-855F-320E6CA57072}.Release|x64.ActiveCfg = Release|x64
		{44FE651E-E079-41E7-855F-320E6CA57072}.Release|x64.Build.0 = Release|x64
		{44FE651E-E079-41E7-855F-320E6CA57072}.Release|x64.Deploy.0 = Release|x64
		{67D8F5EB-11FE-4989-932E-BCB6FC8779F6}.Debug|Win32.ActiveCfg = Debug|Win32
		{67D8F5EB-11FE-4989-932E-BCB6FC8779F6}.Debug|Win32.Build.0 = Debug|Win32
		{67D8F5EB-11FE-4989-932E-BCB6FC8779F6}.Debug|Win32.Deploy.0 = Debug|Win32
		{67D8F5EB-11FE-4989-932E-BCB6FC8779F6}.Debug|x64.ActiveCfg = Debug|x64
		{67D8F5EB-11FE-4989-932E-BCB6FC8779F6}.Debug|x64.Build.0 = Debug|x64
		{67D8F5EB-11FE-4989-932E-BCB6FC8779F6}.Debug|x64.Deploy.0 = Debug|x64
		{67D8F5EB-11FE-4989-932E-BCB6FC8779F6}.Release|Win32.ActiveCfg = Release|Win32
		{67D8F5EB-11FE-4989-932E-BCB6FC8779F6}.Release|Win32.Build.0 = Release|Win32
		{67D8F5EB-11FE-4989-932E-BCB6FC8779F6}.Release|Win32.Deploy.0 = Release|Win32
		{67D8F5EB-11FE-4989-932E-BCB6FC8779F6}.Release|x64.ActiveCfg = Release|x64
		{67D8F5EB-11FE-4989-932E-BCB6FC8779F6}.Release|x64.Build.0 = Release|x64
		{67D8F5EB-11FE-4989-932E-BCB6FC8779F6}.Release|x64.Deploy.0 = Release|x64
		{98AAF578-4C11-42D8-8A0A-C0AF1B31D621}.Debug|Win32.ActiveCfg = Debug|Win32
		{98AAF578-4C11-42D8-8A0A-C0AF1B31D621}.Debug|Win32.Build.0 = Debug|Win32
		{98AAF578-4C11-42D8-8A0A-C0AF1B31D621}.Debug|Win32.Deploy.0 = Debug|Win32
		{98AAF578-4C11-42D8-8A0A-C0AF1B31D621}.Debug|x64.ActiveCfg = Debug|x64
		{98AAF578-4C11-42D8-8A0A-C0AF1B31D621}.Debug|x64.Build.0 = Debug|x64
		{98AAF578-4C11-42D8-8A0A-C0AF1B31D621}.Debug|x64.Deploy.0 = Debug|x64
		{98AAF578-4C11-42D8-8A0A-C0AF1B31D621}.Release|Win32.ActiveCfg = Release|Win32
		{98AAF578-4C11-42D8-8A0A-C0AF1B31D621}.Release|Win32.Build.0 = Release|Win32
		{98AAF578-4C11-42D8-8A0A-C0AF1B31D621}.Release|Win32.Deploy.0 = Release|Win32
		{98AAF578-4C11-42D8-8A0A-C0AF1B31D621}.Release|x64.ActiveCfg = Release|x64
		{98AAF578-4C11-42D8-8A0A-C0AF1B31D621}.Release|x64.Build.0 = Release|x64
		{98AAF578-4C11-42D8-8A0A-C0AF1B31D621}.Release|x64.Deploy.0 = Release|x64
		{04F857F2-992A-4A84-994D-5DBAEAA6AD85}.Debug|Win32.ActiveCfg = Debug|Win32
		{04F857F2-992A-4A84-994D-5DBAEAA6AD85}.Debug|Win32.Build.0 = Debug|Win32
		{04F857F2-992A-4A84-994D-5DBAEAA6AD85}.Debug|Win32.Deploy.0 = Debug|Win32
		{04F857F2-992A-4A84-994D-5DBAEAA6AD85}.Debug|x64.ActiveCfg = Debug|x64
		{04F857F2-992A-4A84-994D-5DBAEAA6AD85}.Debug|x64.Build.0 = Debug|x64
		{04F857F2-992A-4A84-994D-5DBAEAA6AD85}.Debug|x64.Deploy.0 = Debug|x64
		{04F857F2-992A-4A84-994D-5DBAEAA6AD85}.Release|Win32.ActiveCfg = Release|Win32
		{04F857F2-992A-4A84-994D-5DBAEAA6AD85}.Release|Win32.Build.0 = Release|Win32
		{04F857F2-992A-4A84-994D-5DBAEAA6AD85}.Release|Win32.Deploy.0 = Release|Win32
		{04F857F2-992A-4A84-994D-5DBAEAA6AD85}.Release|x64.ActiveCfg = Release|x64
		{04F857F2-992A-4A84-994D-5DBAEAA6AD85}.Release|x64.Build.0 = Release|x64
		{04F857F2-992A-4A84-994D-5DBAEAA6AD85}.Release|x64.Deploy.0 = Release|x64
		{80D85A86-E3A4-45CF-8DAF-BFE7C293DDB5}.Debug|Win32.ActiveCfg = Debug|Win32
		{80D85A86-E3A4-45CF-8DAF-BFE7C293DDB5}.Debug|Win32.Build.0 = Debug|Win32
		{80D85A86-E3A4-45CF-8DAF-BFE7C293DDB5}.Debug|Win32.Deploy.0 = Debug|Win32
		{80D85A86-E3A4-45CF-8DAF-BFE7C293DDB5}.Debug|x64.ActiveCfg = Debug|x64
		{80D85A86-E3A4-45CF-8DAF-BFE7C293DDB5}.Debug|x64.Build.0 = Debug|x64
		{80D85A86-E3A4-45CF-8DAF-BFE7C293DDB5}.Debug|x64.Deploy.0 = Debug|x64
		{80D85A86-E3A4-45CF-8DAF-BFE7C293DDB5}.Release|Win32.ActiveCfg = Release|Win32
		{80D85A86-E3A4-45CF-8DAF-BFE7C293DDB5}.Release|Win32.Build.0 = Release|Win32
		{80D85A86-E3A4-45CF-8DAF-BFE7C293DDB5}.Release|Win32.Deploy.0 = Release|Win32
		{80D85A86-E3A4-45CF-8DAF-BFE7C293DDB5}.Release|x64.ActiveCfg = Release|x64
		{80D85A86-E3A4-45CF-8DAF-BFE7C293DDB5}.Release|x64.Build.0 = Release|x64
		{80D85A86-E3A4-45CF-8DAF-BFE7C293DDB5}.Release|x64.Deploy.0 = Release|x64
		{4AA925D3-4E94-4E99-9C26-32F26CAA82FE}.Debug|Win32.ActiveCfg = Debug|Win32
		{4AA925D3-4E94-4E99-9C26-32F26CAA82FE}.Debug|Win32.Build.0 = Debug|Win32
		{4AA925D3-4E94-4E99-9C26-32F26CAA82FE}.Debug|Win32.Deploy.0 = Debug|Win32
		{4AA925D3-4E94-4E99-9C26-32F26CAA82FE}.Debug|x64.ActiveCfg = Debug|x64
		{4AA925D3-4E94-4E99-9C26-32F26CAA82FE}.Debug|x64.Build.0 = Debug|x64
		{4AA925D3-4E94-4E99-9C26-32F26CAA82FE}.Debug|x64.Deploy.0 = Debug|x64
		{4AA925D3-4E94-4E99-9C26-32F26CAA82FE}.Release|Win32.ActiveCfg = Release|Win32
		{4AA925D3-4E94-4E99-9C26-32F26CAA82FE}.Release|Win32.Build.0 = Release|Win32
		{4AA925D3-4E94-4E99-9C26-32F26CAA82FE}.Release|Win32.Deploy.0 = Release|Win32
		{4AA925D3-4E94-4E99-9C26-32F26CAA82FE}.Release|x64.ActiveCfg = Release|x64
		{4AA925D3-4E94-4E99-9C26-32F26CAA82FE}.Release|x64.Build.0 = Release|x64
		{4AA925D3-4E94-4E99-9C26-32F26CAA82FE}.Release|x64.Deploy.0 = Release|x64
		{80F66491-8BC0-4C5C-80CB-14BECA1DCCEB}.Debug|Win32.ActiveCfg = Debug|Win32
		{80F66491-8BC0-4C5C-80CB-14BECA1DCCEB}.Debug|Win32.Build.0 = Debug|Win32
		{80F66491-8BC0-4C5C-80CB-14BECA1DCCEB}.Debug|Win32.Deploy.0 = Debug|Win32
		{80F66491-8BC0-4C5C-80CB-14BECA1DCCEB}.Debug|x64.ActiveCfg = Debug|x64
		{80F66491-8BC0-4C5C-80CB-14BECA1DCCEB}.Debug|x64.Build.0 = Debug|x64
		{80F66491-8BC0-4C5C-80CB-14BECA1DCCEB}.Debug|x64.Deploy.0 = Debug|x64
		{80F66491-8BC0-4C5C-80CB-14BECA1DCCEB}.Release|Win32.ActiveCfg = Release|Win32
		{80F66491-8BC0-4C5C-80CB-14BECA1DCCEB}.Release|Win32.Build.0 = Release|Win32
		{80F66491-8BC0-4C5C-80CB-14BECA1DCCEB}.Release|Win32.Deploy.0 = Release|Win32
		{80F66491-8BC0-4C5C-80CB-14BECA1DCCEB}.Release|x64.ActiveCfg = Release|x64
		{80F66491-8BC0-4C5C-80CB-14BECA1DCCEB}.Release|x64.Build.0 = Release|x64
		{80F66491-8BC0-4C5C-80CB-14BECA1DCCEB}.Release|x64.Deploy.0 = Release|x64
		{FAF2D09C-F421-4091-83B5-1B018C483B46}.Debug|Win32.ActiveCfg = Debug|Win32
		{FAF2D09C-F421-4091-83B5-1B018C483B46}.Debug|Win32.Build.0 = Debug|Win32
		{FAF2D09C-F421-4091-83B5-1B018C483B46}.Debug|Win32.Deploy.0 = Debug|Win32
		{FAF2D09C-F421-4091-83B5-1B018C483B46}.Debug|x64.ActiveCfg = Debug|x64
		{FAF2D09C-F421-4091-83B5-1B018C483B46}.Debug|x64.Build.0 = Debug|x64
		{FAF2D09C-F421-4091-83B5-1B018C483B46}.Debug|x64.Deploy.0 = Debug|x64
		{FAF2D09C-F421-4091-83B5-1B018C483B46}.Release|Win32.ActiveCfg = Release|Win32
		{FAF2D09C-F421-4091-83B5-1B018C483B46}.Release|Win32.Build.0 = Release|Win32
		{FAF2D09C-F421-4091-83B5-1B018C483B46}.Release|Win32.Deploy.0 = Release|Win32
		{FAF2D09C-F421-4091-83B5-1B018C483B46}.Release|x64.ActiveCfg = Release|x64
		{FAF2D09C-F421-4091-83B5-1B018C483B46}.Release|x64.Build.0 = Release|x64
		{FAF2D09C-F421-4091-83B5-1B018C483B46}.Release|x64.Deploy.0 = Release|x64
	EndGlobalSection
	GlobalSection(SolutionProperties) = preSolution
		HideSolutionNode = FALSE
	EndGlobalSection
EndGlobal
