
Microsoft Visual Studio Solution File, Format Version 11.00
# Visual Studio 14
Project("{8BC9CEB8-8B4A-11D0-8D11-00A0C91BC942}") = "3d", "3d.vcxproj", "{47134107-E9FE-4BB2-A5BE-131B6F33A3E1}"
EndProject
Project("{8BC9CEB8-8B4A-11D0-8D11-00A0C91BC942}") = "3d_multi", "3d_multi.vcxproj", "{55D46796-9C5C-4FDE-BB7B-B386DD0970F2}"
EndProject
Project("{8BC9CEB8-8B4A-11D0-8D11-00A0C91BC942}") = "event_parameter", "event_parameter.vcxproj", "{27A1E3DC-2B0E-4EBB-AFBC-A720D4EBC33A}"
EndProject
Project("{8BC9CEB8-8B4A-11D0-8D11-00A0C91BC942}") = "load_banks", "load_banks.vcxproj", "{66E219FD-4837-4D0E-AB95-341CE6F90693}"
EndProject
Project("{8BC9CEB8-8B4A-11D0-8D11-00A0C91BC942}") = "music_callbacks", "music_callbacks.vcxproj", "{5190771C-19C9-4C32-82C4-17BC31A7E438}"
EndProject
Project("{8BC9CEB8-8B4A-11D0-8D11-00A0C91BC942}") = "objectpan", "objectpan.vcxproj", "{2B190B94-498E-4F23-8593-93CA800A7EA2}"
EndProject
Project("{8BC9CEB8-8B4A-11D0-8D11-00A0C91BC942}") = "programmer_sound", "programmer_sound.vcxproj", "{38167200-CACA-415B-89A2-73E4CC54FD58}"
EndProject
Project("{8BC9CEB8-8B4A-11D0-8D11-00A0C91BC942}") = "recording_playback", "recording_playback.vcxproj", "{BC75237A-B7EA-402E-96BE-F4B492D6AFAA}"
EndProject
Project("{8BC9CEB8-8B4A-11D0-8D11-00A0C91BC942}") = "simple_event", "simple_event.vcxproj", "{AFD7F8ED-618E-4F62-8D23-EC04A7BB475A}"
EndProject
Global
	GlobalSection(SolutionConfigurationPlatforms) = preSolution
		Debug|Win32 = Debug|Win32
		Debug|x64 = Debug|x64
		Release|Win32 = Release|Win32
		Release|x64 = Release|x64
	EndGlobalSection
	GlobalSection(ProjectConfigurationPlatforms) = postSolution
		{47134107-E9FE-4BB2-A5BE-131B6F33A3E1}.Debug|Win32.ActiveCfg = Debug|Win32
		{47134107-E9FE-4BB2-A5BE-131B6F33A3E1}.Debug|Win32.Build.0 = Debug|Win32
		{47134107-E9FE-4BB2-A5BE-131B6F33A3E1}.Debug|Win32.Deploy.0 = Debug|Win32
		{47134107-E9FE-4BB2-A5BE-131B6F33A3E1}.Debug|x64.ActiveCfg = Debug|x64
		{47134107-E9FE-4BB2-A5BE-131B6F33A3E1}.Debug|x64.Build.0 = Debug|x64
		{47134107-E9FE-4BB2-A5BE-131B6F33A3E1}.Debug|x64.Deploy.0 = Debug|x64
		{47134107-E9FE-4BB2-A5BE-131B6F33A3E1}.Release|Win32.ActiveCfg = Release|Win32
		{47134107-E9FE-4BB2-A5BE-131B6F33A3E1}.Release|Win32.Build.0 = Release|Win32
		{47134107-E9FE-4BB2-A5BE-131B6F33A3E1}.Release|Win32.Deploy.0 = Release|Win32
		{47134107-E9FE-4BB2-A5BE-131B6F33A3E1}.Release|x64.ActiveCfg = Release|x64
		{47134107-E9FE-4BB2-A5BE-131B6F33A3E1}.Release|x64.Build.0 = Release|x64
		{47134107-E9FE-4BB2-A5BE-131B6F33A3E1}.Release|x64.Deploy.0 = Release|x64
		{55D46796-9C5C-4FDE-BB7B-B386DD0970F2}.Debug|Win32.ActiveCfg = Debug|Win32
		{55D46796-9C5C-4FDE-BB7B-B386DD0970F2}.Debug|Win32.Build.0 = Debug|Win32
		{55D46796-9C5C-4FDE-BB7B-B386DD0970F2}.Debug|Win32.Deploy.0 = Debug|Win32
		{55D46796-9C5C-4FDE-BB7B-B386DD0970F2}.Debug|x64.ActiveCfg = Debug|x64
		{55D46796-9C5C-4FDE-BB7B-B386DD0970F2}.Debug|x64.Build.0 = Debug|x64
		{55D46796-9C5C-4FDE-BB7B-B386DD0970F2}.Debug|x64.Deploy.0 = Debug|x64
		{55D46796-9C5C-4FDE-BB7B-B386DD0970F2}.Release|Win32.ActiveCfg = Release|Win32
		{55D46796-9C5C-4FDE-BB7B-B386DD0970F2}.Release|Win32.Build.0 = Release|Win32
		{55D46796-9C5C-4FDE-BB7B-B386DD0970F2}.Release|Win32.Deploy.0 = Release|Win32
		{55D46796-9C5C-4FDE-BB7B-B386DD0970F2}.Release|x64.ActiveCfg = Release|x64
		{55D46796-9C5C-4FDE-BB7B-B386DD0970F2}.Release|x64.Build.0 = Release|x64
		{55D46796-9C5C-4FDE-BB7B-B386DD0970F2}.Release|x64.Deploy.0 = Release|x64
		{27A1E3DC-2B0E-4EBB-AFBC-A720D4EBC33A}.Debug|Win32.ActiveCfg = Debug|Win32
		{27A1E3DC-2B0E-4EBB-AFBC-A720D4EBC33A}.Debug|Win32.Build.0 = Debug|Win32
		{27A1E3DC-2B0E-4EBB-AFBC-A720D4EBC33A}.Debug|Win32.Deploy.0 = Debug|Win32
		{27A1E3DC-2B0E-4EBB-AFBC-A720D4EBC33A}.Debug|x64.ActiveCfg = Debug|x64
		{27A1E3DC-2B0E-4EBB-AFBC-A720D4EBC33A}.Debug|x64.Build.0 = Debug|x64
		{27A1E3DC-2B0E-4EBB-AFBC-A720D4EBC33A}.Debug|x64.Deploy.0 = Debug|x64
		{27A1E3DC-2B0E-4EBB-AFBC-A720D4EBC33A}.Release|Win32.ActiveCfg = Release|Win32
		{27A1E3DC-2B0E-4EBB-AFBC-A720D4EBC33A}.Release|Win32.Build.0 = Release|Win32
		{27A1E3DC-2B0E-4EBB-AFBC-A720D4EBC33A}.Release|Win32.Deploy.0 = Release|Win32
		{27A1E3DC-2B0E-4EBB-AFBC-A720D4EBC33A}.Release|x64.ActiveCfg = Release|x64
		{27A1E3DC-2B0E-4EBB-AFBC-A720D4EBC33A}.Release|x64.Build.0 = Release|x64
		{27A1E3DC-2B0E-4EBB-AFBC-A720D4EBC33A}.Release|x64.Deploy.0 = Release|x64
		{66E219FD-4837-4D0E-AB95-341CE6F90693}.Debug|Win32.ActiveCfg = Debug|Win32
		{66E219FD-4837-4D0E-AB95-341CE6F90693}.Debug|Win32.Build.0 = Debug|Win32
		{66E219FD-4837-4D0E-AB95-341CE6F90693}.Debug|Win32.Deploy.0 = Debug|Win32
		{66E219FD-4837-4D0E-AB95-341CE6F90693}.Debug|x64.ActiveCfg = Debug|x64
		{66E219FD-4837-4D0E-AB95-341CE6F90693}.Debug|x64.Build.0 = Debug|x64
		{66E219FD-4837-4D0E-AB95-341CE6F90693}.Debug|x64.Deploy.0 = Debug|x64
		{66E219FD-4837-4D0E-AB95-341CE6F90693}.Release|Win32.ActiveCfg = Release|Win32
		{66E219FD-4837-4D0E-AB95-341CE6F90693}.Release|Win32.Build.0 = Release|Win32
		{66E219FD-4837-4D0E-AB95-341CE6F90693}.Release|Win32.Deploy.0 = Release|Win32
		{66E219FD-4837-4D0E-AB95-341CE6F90693}.Release|x64.ActiveCfg = Release|x64
		{66E219FD-4837-4D0E-AB95-341CE6F90693}.Release|x64.Build.0 = Release|x64
		{66E219FD-4837-4D0E-AB95-341CE6F90693}.Release|x64.Deploy.0 = Release|x64
		{5190771C-19C9-4C32-82C4-17BC31A7E438}.Debug|Win32.ActiveCfg = Debug|Win32
		{5190771C-19C9-4C32-82C4-17BC31A7E438}.Debug|Win32.Build.0 = Debug|Win32
		{5190771C-19C9-4C32-82C4-17BC31A7E438}.Debug|Win32.Deploy.0 = Debug|Win32
		{5190771C-19C9-4C32-82C4-17BC31A7E438}.Debug|x64.ActiveCfg = Debug|x64
		{5190771C-19C9-4C32-82C4-17BC31A7E438}.Debug|x64.Build.0 = Debug|x64
		{5190771C-19C9-4C32-82C4-17BC31A7E438}.Debug|x64.Deploy.0 = Debug|x64
		{5190771C-19C9-4C32-82C4-17BC31A7E438}.Release|Win32.ActiveCfg = Release|Win32
		{5190771C-19C9-4C32-82C4-17BC31A7E438}.Release|Win32.Build.0 = Release|Win32
		{5190771C-19C9-4C32-82C4-17BC31A7E438}.Release|Win32.Deploy.0 = Release|Win32
		{5190771C-19C9-4C32-82C4-17BC31A7E438}.Release|x64.ActiveCfg = Release|x64
		{5190771C-19C9-4C32-82C4-17BC31A7E438}.Release|x64.Build.0 = Release|x64
		{5190771C-19C9-4C32-82C4-17BC31A7E438}.Release|x64.Deploy.0 = Release|x64
		{2B190B94-498E-4F23-8593-93CA800A7EA2}.Debug|Win32.ActiveCfg = Debug|Win32
		{2B190B94-498E-4F23-8593-93CA800A7EA2}.Debug|Win32.Build.0 = Debug|Win32
		{2B190B94-498E-4F23-8593-93CA800A7EA2}.Debug|Win32.Deploy.0 = Debug|Win32
		{2B190B94-498E-4F23-8593-93CA800A7EA2}.Debug|x64.ActiveCfg = Debug|x64
		{2B190B94-498E-4F23-8593-93CA800A7EA2}.Debug|x64.Build.0 = Debug|x64
		{2B190B94-498E-4F23-8593-93CA800A7EA2}.Debug|x64.Deploy.0 = Debug|x64
		{2B190B94-498E-4F23-8593-93CA800A7EA2}.Release|Win32.ActiveCfg = Release|Win32
		{2B190B94-498E-4F23-8593-93CA800A7EA2}.Release|Win32.Build.0 = Release|Win32
		{2B190B94-498E-4F23-8593-93CA800A7EA2}.Release|Win32.Deploy.0 = Release|Win32
		{2B190B94-498E-4F23-8593-93CA800A7EA2}.Release|x64.ActiveCfg = Release|x64
		{2B190B94-498E-4F23-8593-93CA800A7EA2}.Release|x64.Build.0 = Release|x64
		{2B190B94-498E-4F23-8593-93CA800A7EA2}.Release|x64.Deploy.0 = Release|x64
		{38167200-CACA-415B-89A2-73E4CC54FD58}.Debug|Win32.ActiveCfg = Debug|Win32
		{38167200-CACA-415B-89A2-73E4CC54FD58}.Debug|Win32.Build.0 = Debug|Win32
		{38167200-CACA-415B-89A2-73E4CC54FD58}.Debug|Win32.Deploy.0 = Debug|Win32
		{38167200-CACA-415B-89A2-73E4CC54FD58}.Debug|x64.ActiveCfg = Debug|x64
		{38167200-CACA-415B-89A2-73E4CC54FD58}.Debug|x64.Build.0 = Debug|x64
		{38167200-CACA-415B-89A2-73E4CC54FD58}.Debug|x64.Deploy.0 = Debug|x64
		{38167200-CACA-415B-89A2-73E4CC54FD58}.Release|Win32.ActiveCfg = Release|Win32
		{38167200-CACA-415B-89A2-73E4CC54FD58}.Release|Win32.Build.0 = Release|Win32
		{38167200-CACA-415B-89A2-73E4CC54FD58}.Release|Win32.Deploy.0 = Release|Win32
		{38167200-CACA-415B-89A2-73E4CC54FD58}.Release|x64.ActiveCfg = Release|x64
		{38167200-CACA-415B-89A2-73E4CC54FD58}.Release|x64.Build.0 = Release|x64
		{38167200-CACA-415B-89A2-73E4CC54FD58}.Release|x64.Deploy.0 = Release|x64
		{BC75237A-B7EA-402E-96BE-F4B492D6AFAA}.Debug|Win32.ActiveCfg = Debug|Win32
		{BC75237A-B7EA-402E-96BE-F4B492D6AFAA}.Debug|Win32.Build.0 = Debug|Win32
		{BC75237A-B7EA-402E-96BE-F4B492D6AFAA}.Debug|Win32.Deploy.0 = Debug|Win32
		{BC75237A-B7EA-402E-96BE-F4B492D6AFAA}.Debug|x64.ActiveCfg = Debug|x64
		{BC75237A-B7EA-402E-96BE-F4B492D6AFAA}.Debug|x64.Build.0 = Debug|x64
		{BC75237A-B7EA-402E-96BE-F4B492D6AFAA}.Debug|x64.Deploy.0 = Debug|x64
		{BC75237A-B7EA-402E-96BE-F4B492D6AFAA}.Release|Win32.ActiveCfg = Release|Win32
		{BC75237A-B7EA-402E-96BE-F4B492D6AFAA}.Release|Win32.Build.0 = Release|Win32
		{BC75237A-B7EA-402E-96BE-F4B492D6AFAA}.Release|Win32.Deploy.0 = Release|Win32
		{BC75237A-B7EA-402E-96BE-F4B492D6AFAA}.Release|x64.ActiveCfg = Release|x64
		{BC75237A-B7EA-402E-96BE-F4B492D6AFAA}.Release|x64.Build.0 = Release|x64
		{BC75237A-B7EA-402E-96BE-F4B492D6AFAA}.Release|x64.Deploy.0 = Release|x64
		{AFD7F8ED-618E-4F62-8D23-EC04A7BB475A}.Debug|Win32.ActiveCfg = Debug|Win32
		{AFD7F8ED-618E-4F62-8D23-EC04A7BB475A}.Debug|Win32.Build.0 = Debug|Win32
		{AFD7F8ED-618E-4F62-8D23-EC04A7BB475A}.Debug|Win32.Deploy.0 = Debug|Win32
		{AFD7F8ED-618E-4F62-8D23-EC04A7BB475A}.Debug|x64.ActiveCfg = Debug|x64
		{AFD7F8ED-618E-4F62-8D23-EC04A7BB475A}.Debug|x64.Build.0 = Debug|x64
		{AFD7F8ED-618E-4F62-8D23-EC04A7BB475A}.Debug|x64.Deploy.0 = Debug|x64
		{AFD7F8ED-618E-4F62-8D23-EC04A7BB475A}.Release|Win32.ActiveCfg = Release|Win32
		{AFD7F8ED-618E-4F62-8D23-EC04A7BB475A}.Release|Win32.Build.0 = Release|Win32
		{AFD7F8ED-618E-4F62-8D23-EC04A7BB475A}.Release|Win32.Deploy.0 = Release|Win32
		{AFD7F8ED-618E-4F62-8D23-EC04A7BB475A}.Release|x64.ActiveCfg = Release|x64
		{AFD7F8ED-618E-4F62-8D23-EC04A7BB475A}.Release|x64.Build.0 = Release|x64
		{AFD7F8ED-618E-4F62-8D23-EC04A7BB475A}.Release|x64.Deploy.0 = Release|x64
	EndGlobalSection
	GlobalSection(SolutionProperties) = preSolution
		HideSolutionNode = FALSE
	EndGlobalSection
EndGlobal
