
Microsoft Visual Studio Solution File, Format Version 11.00
# Visual Studio 2012
Project("{8BC9CEB8-8B4A-11D0-8D11-00A0C91BC942}") = "3d", "3d.vcxproj", "{EAAAC650-B964-4E29-ADF2-D300D911EACE}"
EndProject
Project("{8BC9CEB8-8B4A-11D0-8D11-00A0C91BC942}") = "asyncio", "asyncio.vcxproj", "{F4ECFB67-B245-4DC0-A0DB-66F5F32A8D2F}"
EndProject
Project("{8BC9CEB8-8B4A-11D0-8D11-00A0C91BC942}") = "channel_groups", "channel_groups.vcxproj", "{2886DA08-9C6C-4537-88B0-5F9928AE426C}"
EndProject
Project("{8BC9CEB8-8B4A-11D0-8D11-00A0C91BC942}") = "convolution_reverb", "convolution_reverb.vcxproj", "{1BB82529-C035-43D7-A9D7-A918A649BFB5}"
EndProject
Project("{8BC9CEB8-8B4A-11D0-8D11-00A0C91BC942}") = "dsp_custom", "dsp_custom.vcxproj", "{342D6E19-E886-4437-B47E-63E00B606425}"
EndProject
Project("{8BC9CEB8-8B4A-11D0-8D11-00A0C91BC942}") = "dsp_effect_per_speaker", "dsp_effect_per_speaker.vcxproj", "{ED18972B-1AE3-4DA0-912F-08B3DA1F763B}"
EndProject
Project("{8BC9CEB8-8B4A-11D0-8D11-00A0C91BC942}") = "dsp_inspector", "dsp_inspector.vcxproj", "{113B882B-B19E-4322-913E-F61A98E5816D}"
EndProject
Project("{8BC9CEB8-8B4A-11D0-8D11-00A0C91BC942}") = "effects", "effects.vcxproj", "{6F9D795B-D364-48AD-840D-F7BF69A6FAB5}"
EndProject
Project("{8BC9CEB8-8B4A-11D0-8D11-00A0C91BC942}") = "gapless_playback", "gapless_playback.vcxproj", "{90E61CD9-9F04-49E7-A7BC-268063811EEB}"
EndProject
Project("{8BC9CEB8-8B4A-11D0-8D11-00A0C91BC942}") = "generate_tone", "generate_tone.vcxproj", "{E8DCEB08-3060-4D9B-AF66-2E1C20DF20C2}"
EndProject
Project("{8BC9CEB8-8B4A-11D0-8D11-00A0C91BC942}") = "granular_synth", "granular_synth.vcxproj", "{CC05C149-42CF-4318-BC93-FEADF4246DAB}"
EndProject
Project("{8BC9CEB8-8B4A-11D0-8D11-00A0C91BC942}") = "load_from_memory", "load_from_memory.vcxproj", "{C2DB02C9-37FB-4234-82C7-D45D473ACEBC}"
EndProject
Project("{8BC9CEB8-8B4A-11D0-8D11-00A0C91BC942}") = "multiple_speaker", "multiple_speaker.vcxproj", "{9DDF7356-8703-49DA-B68B-D70C68B5A4FF}"
EndProject
Project("{8BC9CEB8-8B4A-11D0-8D11-00A0C91BC942}") = "multiple_system", "multiple_system.vcxproj", "{6D7C64B1-4017-4064-9885-953DC4B191D4}"
EndProject
Project("{8BC9CEB8-8B4A-11D0-8D11-00A0C91BC942}") = "net_stream", "net_stream.vcxproj", "{2E845B61-8C38-4A0D-87E9-12403FF0A673}"
EndProject
Project("{8BC9CEB8-8B4A-11D0-8D11-00A0C91BC942}") = "play_sound", "play_sound.vcxproj", "{942F5955-CF33-432E-93B6-7E9B9969416A}"
EndProject
Project("{8BC9CEB8-8B4A-11D0-8D11-00A0C91BC942}") = "play_stream", "play_stream.vcxproj", "{211CF282-B067-4A65-94B1-D808FCB8C0E8}"
EndProject
Project("{8BC9CEB8-8B4A-11D0-8D11-00A0C91BC942}") = "record", "record.vcxproj", "{EA33172E-9B37-400E-877D-27364F2470B5}"
EndProject
Project("{8BC9CEB8-8B4A-11D0-8D11-00A0C91BC942}") = "record_enumeration", "record_enumeration.vcxproj", "{B9E6B938-F702-4CB3-AD86-A1CF1DB95A0B}"
EndProject
Project("{8BC9CEB8-8B4A-11D0-8D11-00A0C91BC942}") = "user_created_sound", "user_created_sound.vcxproj", "{AF367AD3-EF14-41FB-95B7-0773326F177A}"
EndProject
Project("{8BC9CEB8-8B4A-11D0-8D11-00A0C91BC942}") = "fmod_codec_raw", "fmod_codec_raw.vcxproj", "{FEFD755C-4609-476C-8C31-3CCF62399318}"
EndProject
Project("{8BC9CEB8-8B4A-11D0-8D11-00A0C91BC942}") = "fmod_distance_filter", "fmod_distance_filter.vcxproj", "{6F96AB03-F986-4956-8F93-AA62C00340A1}"
EndProject
Project("{8BC9CEB8-8B4A-11D0-8D11-00A0C91BC942}") = "fmod_gain", "fmod_gain.vcxproj", "{DE2E3E29-02BC-4241-AA82-1F18ADE54946}"
EndProject
Project("{8BC9CEB8-8B4A-11D0-8D11-00A0C91BC942}") = "fmod_noise", "fmod_noise.vcxproj", "{22D4DC5E-AC9D-48F7-9AFB-A0E571D59119}"
EndProject
Project("{8BC9CEB8-8B4A-11D0-8D11-00A0C91BC942}") = "output_mp3", "output_mp3.vcxproj", "{EA47D03D-7FA9-465A-8FD1-4EED805CE929}"
EndProject
Global
	GlobalSection(SolutionConfigurationPlatforms) = preSolution
		Debug|Win32 = Debug|Win32
		Debug|x64 = Debug|x64
		Release|Win32 = Release|Win32
		Release|x64 = Release|x64
	EndGlobalSection
	GlobalSection(ProjectConfigurationPlatforms) = postSolution
		{EAAAC650-B964-4E29-ADF2-D300D911EACE}.Debug|Win32.ActiveCfg = Debug|Win32
		{EAAAC650-B964-4E29-ADF2-D300D911EACE}.Debug|Win32.Build.0 = Debug|Win32
		{EAAAC650-B964-4E29-ADF2-D300D911EACE}.Debug|Win32.Deploy.0 = Debug|Win32
		{EAAAC650-B964-4E29-ADF2-D300D911EACE}.Debug|x64.ActiveCfg = Debug|x64
		{EAAAC650-B964-4E29-ADF2-D300D911EACE}.Debug|x64.Build.0 = Debug|x64
		{EAAAC650-B964-4E29-ADF2-D300D911EACE}.Debug|x64.Deploy.0 = Debug|x64
		{EAAAC650-B964-4E29-ADF2-D300D911EACE}.Release|Win32.ActiveCfg = Release|Win32
		{EAAAC650-B964-4E29-ADF2-D300D911EACE}.Release|Win32.Build.0 = Release|Win32
		{EAAAC650-B964-4E29-ADF2-D300D911EACE}.Release|Win32.Deploy.0 = Release|Win32
		{EAAAC650-B964-4E29-ADF2-D300D911EACE}.Release|x64.ActiveCfg = Release|x64
		{EAAAC650-B964-4E29-ADF2-D300D911EACE}.Release|x64.Build.0 = Release|x64
		{EAAAC650-B964-4E29-ADF2-D300D911EACE}.Release|x64.Deploy.0 = Release|x64
		{F4ECFB67-B245-4DC0-A0DB-66F5F32A8D2F}.Debug|Win32.ActiveCfg = Debug|Win32
		{F4ECFB67-B245-4DC0-A0DB-66F5F32A8D2F}.Debug|Win32.Build.0 = Debug|Win32
		{F4ECFB67-B245-4DC0-A0DB-66F5F32A8D2F}.Debug|Win32.Deploy.0 = Debug|Win32
		{F4ECFB67-B245-4DC0-A0DB-66F5F32A8D2F}.Debug|x64.ActiveCfg = Debug|x64
		{F4ECFB67-B245-4DC0-A0DB-66F5F32A8D2F}.Debug|x64.Build.0 = Debug|x64
		{F4ECFB67-B245-4DC0-A0DB-66F5F32A8D2F}.Debug|x64.Deploy.0 = Debug|x64
		{F4ECFB67-B245-4DC0-A0DB-66F5F32A8D2F}.Release|Win32.ActiveCfg = Release|Win32
		{F4ECFB67-B245-4DC0-A0DB-66F5F32A8D2F}.Release|Win32.Build.0 = Release|Win32
		{F4ECFB67-B245-4DC0-A0DB-66F5F32A8D2F}.Release|Win32.Deploy.0 = Release|Win32
		{F4ECFB67-B245-4DC0-A0DB-66F5F32A8D2F}.Release|x64.ActiveCfg = Release|x64
		{F4ECFB67-B245-4DC0-A0DB-66F5F32A8D2F}.Release|x64.Build.0 = Release|x64
		{F4ECFB67-B245-4DC0-A0DB-66F5F32A8D2F}.Release|x64.Deploy.0 = Release|x64
		{2886DA08-9C6C-4537-88B0-5F9928AE426C}.Debug|Win32.ActiveCfg = Debug|Win32
		{2886DA08-9C6C-4537-88B0-5F9928AE426C}.Debug|Win32.Build.0 = Debug|Win32
		{2886DA08-9C6C-4537-88B0-5F9928AE426C}.Debug|Win32.Deploy.0 = Debug|Win32
		{2886DA08-9C6C-4537-88B0-5F9928AE426C}.Debug|x64.ActiveCfg = Debug|x64
		{2886DA08-9C6C-4537-88B0-5F9928AE426C}.Debug|x64.Build.0 = Debug|x64
		{2886DA08-9C6C-4537-88B0-5F9928AE426C}.Debug|x64.Deploy.0 = Debug|x64
		{2886DA08-9C6C-4537-88B0-5F9928AE426C}.Release|Win32.ActiveCfg = Release|Win32
		{2886DA08-9C6C-4537-88B0-5F9928AE426C}.Release|Win32.Build.0 = Release|Win32
		{2886DA08-9C6C-4537-88B0-5F9928AE426C}.Release|Win32.Deploy.0 = Release|Win32
		{2886DA08-9C6C-4537-88B0-5F9928AE426C}.Release|x64.ActiveCfg = Release|x64
		{2886DA08-9C6C-4537-88B0-5F9928AE426C}.Release|x64.Build.0 = Release|x64
		{2886DA08-9C6C-4537-88B0-5F9928AE426C}.Release|x64.Deploy.0 = Release|x64
		{1BB82529-C035-43D7-A9D7-A918A649BFB5}.Debug|Win32.ActiveCfg = Debug|Win32
		{1BB82529-C035-43D7-A9D7-A918A649BFB5}.Debug|Win32.Build.0 = Debug|Win32
		{1BB82529-C035-43D7-A9D7-A918A649BFB5}.Debug|Win32.Deploy.0 = Debug|Win32
		{1BB82529-C035-43D7-A9D7-A918A649BFB5}.Debug|x64.ActiveCfg = Debug|x64
		{1BB82529-C035-43D7-A9D7-A918A649BFB5}.Debug|x64.Build.0 = Debug|x64
		{1BB82529-C035-43D7-A9D7-A918A649BFB5}.Debug|x64.Deploy.0 = Debug|x64
		{1BB82529-C035-43D7-A9D7-A918A649BFB5}.Release|Win32.ActiveCfg = Release|Win32
		{1BB82529-C035-43D7-A9D7-A918A649BFB5}.Release|Win32.Build.0 = Release|Win32
		{1BB82529-C035-43D7-A9D7-A918A649BFB5}.Release|Win32.Deploy.0 = Release|Win32
		{1BB82529-C035-43D7-A9D7-A918A649BFB5}.Release|x64.ActiveCfg = Release|x64
		{1BB82529-C035-43D7-A9D7-A918A649BFB5}.Release|x64.Build.0 = Release|x64
		{1BB82529-C035-43D7-A9D7-A918A649BFB5}.Release|x64.Deploy.0 = Release|x64
		{342D6E19-E886-4437-B47E-63E00B606425}.Debug|Win32.ActiveCfg = Debug|Win32
		{342D6E19-E886-4437-B47E-63E00B606425}.Debug|Win32.Build.0 = Debug|Win32
		{342D6E19-E886-4437-B47E-63E00B606425}.Debug|Win32.Deploy.0 = Debug|Win32
		{342D6E19-E886-4437-B47E-63E00B606425}.Debug|x64.ActiveCfg = Debug|x64
		{342D6E19-E886-4437-B47E-63E00B606425}.Debug|x64.Build.0 = Debug|x64
		{342D6E19-E886-4437-B47E-63E00B606425}.Debug|x64.Deploy.0 = Debug|x64
		{342D6E19-E886-4437-B47E-63E00B606425}.Release|Win32.ActiveCfg = Release|Win32
		{342D6E19-E886-4437-B47E-63E00B606425}.Release|Win32.Build.0 = Release|Win32
		{342D6E19-E886-4437-B47E-63E00B606425}.Release|Win32.Deploy.0 = Release|Win32
		{342D6E19-E886-4437-B47E-63E00B606425}.Release|x64.ActiveCfg = Release|x64
		{342D6E19-E886-4437-B47E-63E00B606425}.Release|x64.Build.0 = Release|x64
		{342D6E19-E886-4437-B47E-63E00B606425}.Release|x64.Deploy.0 = Release|x64
		{ED18972B-1AE3-4DA0-912F-08B3DA1F763B}.Debug|Win32.ActiveCfg = Debug|Win32
		{ED18972B-1AE3-4DA0-912F-08B3DA1F763B}.Debug|Win32.Build.0 = Debug|Win32
		{ED18972B-1AE3-4DA0-912F-08B3DA1F763B}.Debug|Win32.Deploy.0 = Debug|Win32
		{ED18972B-1AE3-4DA0-912F-08B3DA1F763B}.Debug|x64.ActiveCfg = Debug|x64
		{ED18972B-1AE3-4DA0-912F-08B3DA1F763B}.Debug|x64.Build.0 = Debug|x64
		{ED18972B-1AE3-4DA0-912F-08B3DA1F763B}.Debug|x64.Deploy.0 = Debug|x64
		{ED18972B-1AE3-4DA0-912F-08B3DA1F763B}.Release|Win32.ActiveCfg = Release|Win32
		{ED18972B-1AE3-4DA0-912F-08B3DA1F763B}.Release|Win32.Build.0 = Release|Win32
		{ED18972B-1AE3-4DA0-912F-08B3DA1F763B}.Release|Win32.Deploy.0 = Release|Win32
		{ED18972B-1AE3-4DA0-912F-08B3DA1F763B}.Release|x64.ActiveCfg = Release|x64
		{ED18972B-1AE3-4DA0-912F-08B3DA1F763B}.Release|x64.Build.0 = Release|x64
		{ED18972B-1AE3-4DA0-912F-08B3DA1F763B}.Release|x64.Deploy.0 = Release|x64
		{113B882B-B19E-4322-913E-F61A98E5816D}.Debug|Win32.ActiveCfg = Debug|Win32
		{113B882B-B19E-4322-913E-F61A98E5816D}.Debug|Win32.Build.0 = Debug|Win32
		{113B882B-B19E-4322-913E-F61A98E5816D}.Debug|Win32.Deploy.0 = Debug|Win32
		{113B882B-B19E-4322-913E-F61A98E5816D}.Debug|x64.ActiveCfg = Debug|x64
		{113B882B-B19E-4322-913E-F61A98E5816D}.Debug|x64.Build.0 = Debug|x64
		{113B882B-B19E-4322-913E-F61A98E5816D}.Debug|x64.Deploy.0 = Debug|x64
		{113B882B-B19E-4322-913E-F61A98E5816D}.Release|Win32.ActiveCfg = Release|Win32
		{113B882B-B19E-4322-913E-F61A98E5816D}.Release|Win32.Build.0 = Release|Win32
		{113B882B-B19E-4322-913E-F61A98E5816D}.Release|Win32.Deploy.0 = Release|Win32
		{113B882B-B19E-4322-913E-F61A98E5816D}.Release|x64.ActiveCfg = Release|x64
		{113B882B-B19E-4322-913E-F61A98E5816D}.Release|x64.Build.0 = Release|x64
		{113B882B-B19E-4322-913E-F61A98E5816D}.Release|x64.Deploy.0 = Release|x64
		{6F9D795B-D364-48AD-840D-F7BF69A6FAB5}.Debug|Win32.ActiveCfg = Debug|Win32
		{6F9D795B-D364-48AD-840D-F7BF69A6FAB5}.Debug|Win32.Build.0 = Debug|Win32
		{6F9D795B-D364-48AD-840D-F7BF69A6FAB5}.Debug|Win32.Deploy.0 = Debug|Win32
		{6F9D795B-D364-48AD-840D-F7BF69A6FAB5}.Debug|x64.ActiveCfg = Debug|x64
		{6F9D795B-D364-48AD-840D-F7BF69A6FAB5}.Debug|x64.Build.0 = Debug|x64
		{6F9D795B-D364-48AD-840D-F7BF69A6FAB5}.Debug|x64.Deploy.0 = Debug|x64
		{6F9D795B-D364-48AD-840D-F7BF69A6FAB5}.Release|Win32.ActiveCfg = Release|Win32
		{6F9D795B-D364-48AD-840D-F7BF69A6FAB5}.Release|Win32.Build.0 = Release|Win32
		{6F9D795B-D364-48AD-840D-F7BF69A6FAB5}.Release|Win32.Deploy.0 = Release|Win32
		{6F9D795B-D364-48AD-840D-F7BF69A6FAB5}.Release|x64.ActiveCfg = Release|x64
		{6F9D795B-D364-48AD-840D-F7BF69A6FAB5}.Release|x64.Build.0 = Release|x64
		{6F9D795B-D364-48AD-840D-F7BF69A6FAB5}.Release|x64.Deploy.0 = Release|x64
		{90E61CD9-9F04-49E7-A7BC-268063811EEB}.Debug|Win32.ActiveCfg = Debug|Win32
		{90E61CD9-9F04-49E7-A7BC-268063811EEB}.Debug|Win32.Build.0 = Debug|Win32
		{90E61CD9-9F04-49E7-A7BC-268063811EEB}.Debug|Win32.Deploy.0 = Debug|Win32
		{90E61CD9-9F04-49E7-A7BC-268063811EEB}.Debug|x64.ActiveCfg = Debug|x64
		{90E61CD9-9F04-49E7-A7BC-268063811EEB}.Debug|x64.Build.0 = Debug|x64
		{90E61CD9-9F04-49E7-A7BC-268063811EEB}.Debug|x64.Deploy.0 = Debug|x64
		{90E61CD9-9F04-49E7-A7BC-268063811EEB}.Release|Win32.ActiveCfg = Release|Win32
		{90E61CD9-9F04-49E7-A7BC-268063811EEB}.Release|Win32.Build.0 = Release|Win32
		{90E61CD9-9F04-49E7-A7BC-268063811EEB}.Release|Win32.Deploy.0 = Release|Win32
		{90E61CD9-9F04-49E7-A7BC-268063811EEB}.Release|x64.ActiveCfg = Release|x64
		{90E61CD9-9F04-49E7-A7BC-268063811EEB}.Release|x64.Build.0 = Release|x64
		{90E61CD9-9F04-49E7-A7BC-268063811EEB}.Release|x64.Deploy.0 = Release|x64
		{E8DCEB08-3060-4D9B-AF66-2E1C20DF20C2}.Debug|Win32.ActiveCfg = Debug|Win32
		{E8DCEB08-3060-4D9B-AF66-2E1C20DF20C2}.Debug|Win32.Build.0 = Debug|Win32
		{E8DCEB08-3060-4D9B-AF66-2E1C20DF20C2}.Debug|Win32.Deploy.0 = Debug|Win32
		{E8DCEB08-3060-4D9B-AF66-2E1C20DF20C2}.Debug|x64.ActiveCfg = Debug|x64
		{E8DCEB08-3060-4D9B-AF66-2E1C20DF20C2}.Debug|x64.Build.0 = Debug|x64
		{E8DCEB08-3060-4D9B-AF66-2E1C20DF20C2}.Debug|x64.Deploy.0 = Debug|x64
		{E8DCEB08-3060-4D9B-AF66-2E1C20DF20C2}.Release|Win32.ActiveCfg = Release|Win32
		{E8DCEB08-3060-4D9B-AF66-2E1C20DF20C2}.Release|Win32.Build.0 = Release|Win32
		{E8DCEB08-3060-4D9B-AF66-2E1C20DF20C2}.Release|Win32.Deploy.0 = Release|Win32
		{E8DCEB08-3060-4D9B-AF66-2E1C20DF20C2}.Release|x64.ActiveCfg = Release|x64
		{E8DCEB08-3060-4D9B-AF66-2E1C20DF20C2}.Release|x64.Build.0 = Release|x64
		{E8DCEB08-3060-4D9B-AF66-2E1C20DF20C2}.Release|x64.Deploy.0 = Release|x64
		{CC05C149-42CF-4318-BC93-FEADF4246DAB}.Debug|Win32.ActiveCfg = Debug|Win32
		{CC05C149-42CF-4318-BC93-FEADF4246DAB}.Debug|Win32.Build.0 = Debug|Win32
		{CC05C149-42CF-4318-BC93-FEADF4246DAB}.Debug|Win32.Deploy.0 = Debug|Win32
		{CC05C149-42CF-4318-BC93-FEADF4246DAB}.Debug|x64.ActiveCfg = Debug|x64
		{CC05C149-42CF-4318-BC93-FEADF4246DAB}.Debug|x64.Build.0 = Debug|x64
		{CC05C149-42CF-4318-BC93-FEADF4246DAB}.Debug|x64.Deploy.0 = Debug|x64
		{CC05C149-42CF-4318-BC93-FEADF4246DAB}.Release|Win32.ActiveCfg = Release|Win32
		{CC05C149-42CF-4318-BC93-FEADF4246DAB}.Release|Win32.Build.0 = Release|Win32
		{CC05C149-42CF-4318-BC93-FEADF4246DAB}.Release|Win32.Deploy.0 = Release|Win32
		{CC05C149-42CF-4318-BC93-FEADF4246DAB}.Release|x64.ActiveCfg = Release|x64
		{CC05C149-42CF-4318-BC93-FEADF4246DAB}.Release|x64.Build.0 = Release|x64
		{CC05C149-42CF-4318-BC93-FEADF4246DAB}.Release|x64.Deploy.0 = Release|x64
		{C2DB02C9-37FB-4234-82C7-D45D473ACEBC}.Debug|Win32.ActiveCfg = Debug|Win32
		{C2DB02C9-37FB-4234-82C7-D45D473ACEBC}.Debug|Win32.Build.0 = Debug|Win32
		{C2DB02C9-37FB-4234-82C7-D45D473ACEBC}.Debug|Win32.Deploy.0 = Debug|Win32
		{C2DB02C9-37FB-4234-82C7-D45D473ACEBC}.Debug|x64.ActiveCfg = Debug|x64
		{C2DB02C9-37FB-4234-82C7-D45D473ACEBC}.Debug|x64.Build.0 = Debug|x64
		{C2DB02C9-37FB-4234-82C7-D45D473ACEBC}.Debug|x64.Deploy.0 = Debug|x64
		{C2DB02C9-37FB-4234-82C7-D45D473ACEBC}.Release|Win32.ActiveCfg = Release|Win32
		{C2DB02C9-37FB-4234-82C7-D45D473ACEBC}.Release|Win32.Build.0 = Release|Win32
		{C2DB02C9-37FB-4234-82C7-D45D473ACEBC}.Release|Win32.Deploy.0 = Release|Win32
		{C2DB02C9-37FB-4234-82C7-D45D473ACEBC}.Release|x64.ActiveCfg = Release|x64
		{C2DB02C9-37FB-4234-82C7-D45D473ACEBC}.Release|x64.Build.0 = Release|x64
		{C2DB02C9-37FB-4234-82C7-D45D473ACEBC}.Release|x64.Deploy.0 = Release|x64
		{9DDF7356-8703-49DA-B68B-D70C68B5A4FF}.Debug|Win32.ActiveCfg = Debug|Win32
		{9DDF7356-8703-49DA-B68B-D70C68B5A4FF}.Debug|Win32.Build.0 = Debug|Win32
		{9DDF7356-8703-49DA-B68B-D70C68B5A4FF}.Debug|Win32.Deploy.0 = Debug|Win32
		{9DDF7356-8703-49DA-B68B-D70C68B5A4FF}.Debug|x64.ActiveCfg = Debug|x64
		{9DDF7356-8703-49DA-B68B-D70C68B5A4FF}.Debug|x64.Build.0 = Debug|x64
		{9DDF7356-8703-49DA-B68B-D70C68B5A4FF}.Debug|x64.Deploy.0 = Debug|x64
		{9DDF7356-8703-49DA-B68B-D70C68B5A4FF}.Release|Win32.ActiveCfg = Release|Win32
		{9DDF7356-8703-49DA-B68B-D70C68B5A4FF}.Release|Win32.Build.0 = Release|Win32
		{9DDF7356-8703-49DA-B68B-D70C68B5A4FF}.Release|Win32.Deploy.0 = Release|Win32
		{9DDF7356-8703-49DA-B68B-D70C68B5A4FF}.Release|x64.ActiveCfg = Release|x64
		{9DDF7356-8703-49DA-B68B-D70C68B5A4FF}.Release|x64.Build.0 = Release|x64
		{9DDF7356-8703-49DA-B68B-D70C68B5A4FF}.Release|x64.Deploy.0 = Release|x64
		{6D7C64B1-4017-4064-9885-953DC4B191D4}.Debug|Win32.ActiveCfg = Debug|Win32
		{6D7C64B1-4017-4064-9885-953DC4B191D4}.Debug|Win32.Build.0 = Debug|Win32
		{6D7C64B1-4017-4064-9885-953DC4B191D4}.Debug|Win32.Deploy.0 = Debug|Win32
		{6D7C64B1-4017-4064-9885-953DC4B191D4}.Debug|x64.ActiveCfg = Debug|x64
		{6D7C64B1-4017-4064-9885-953DC4B191D4}.Debug|x64.Build.0 = Debug|x64
		{6D7C64B1-4017-4064-9885-953DC4B191D4}.Debug|x64.Deploy.0 = Debug|x64
		{6D7C64B1-4017-4064-9885-953DC4B191D4}.Release|Win32.ActiveCfg = Release|Win32
		{6D7C64B1-4017-4064-9885-953DC4B191D4}.Release|Win32.Build.0 = Release|Win32
		{6D7C64B1-4017-4064-9885-953DC4B191D4}.Release|Win32.Deploy.0 = Release|Win32
		{6D7C64B1-4017-4064-9885-953DC4B191D4}.Release|x64.ActiveCfg = Release|x64
		{6D7C64B1-4017-4064-9885-953DC4B191D4}.Release|x64.Build.0 = Release|x64
		{6D7C64B1-4017-4064-9885-953DC4B191D4}.Release|x64.Deploy.0 = Release|x64
		{2E845B61-8C38-4A0D-87E9-12403FF0A673}.Debug|Win32.ActiveCfg = Debug|Win32
		{2E845B61-8C38-4A0D-87E9-12403FF0A673}.Debug|Win32.Build.0 = Debug|Win32
		{2E845B61-8C38-4A0D-87E9-12403FF0A673}.Debug|Win32.Deploy.0 = Debug|Win32
		{2E845B61-8C38-4A0D-87E9-12403FF0A673}.Debug|x64.ActiveCfg = Debug|x64
		{2E845B61-8C38-4A0D-87E9-12403FF0A673}.Debug|x64.Build.0 = Debug|x64
		{2E845B61-8C38-4A0D-87E9-12403FF0A673}.Debug|x64.Deploy.0 = Debug|x64
		{2E845B61-8C38-4A0D-87E9-12403FF0A673}.Release|Win32.ActiveCfg = Release|Win32
		{2E845B61-8C38-4A0D-87E9-12403FF0A673}.Release|Win32.Build.0 = Release|Win32
		{2E845B61-8C38-4A0D-87E9-12403FF0A673}.Release|Win32.Deploy.0 = Release|Win32
		{2E845B61-8C38-4A0D-87E9-12403FF0A673}.Release|x64.ActiveCfg = Release|x64
		{2E845B61-8C38-4A0D-87E9-12403FF0A673}.Release|x64.Build.0 = Release|x64
		{2E845B61-8C38-4A0D-87E9-12403FF0A673}.Release|x64.Deploy.0 = Release|x64
		{942F5955-CF33-432E-93B6-7E9B9969416A}.Debug|Win32.ActiveCfg = Debug|Win32
		{942F5955-CF33-432E-93B6-7E9B9969416A}.Debug|Win32.Build.0 = Debug|Win32
		{942F5955-CF33-432E-93B6-7E9B9969416A}.Debug|Win32.Deploy.0 = Debug|Win32
		{942F5955-CF33-432E-93B6-7E9B9969416A}.Debug|x64.ActiveCfg = Debug|x64
		{942F5955-CF33-432E-93B6-7E9B9969416A}.Debug|x64.Build.0 = Debug|x64
		{942F5955-CF33-432E-93B6-7E9B9969416A}.Debug|x64.Deploy.0 = Debug|x64
		{942F5955-CF33-432E-93B6-7E9B9969416A}.Release|Win32.ActiveCfg = Release|Win32
		{942F5955-CF33-432E-93B6-7E9B9969416A}.Release|Win32.Build.0 = Release|Win32
		{942F5955-CF33-432E-93B6-7E9B9969416A}.Release|Win32.Deploy.0 = Release|Win32
		{942F5955-CF33-432E-93B6-7E9B9969416A}.Release|x64.ActiveCfg = Release|x64
		{942F5955-CF33-432E-93B6-7E9B9969416A}.Release|x64.Build.0 = Release|x64
		{942F5955-CF33-432E-93B6-7E9B9969416A}.Release|x64.Deploy.0 = Release|x64
		{211CF282-B067-4A65-94B1-D808FCB8C0E8}.Debug|Win32.ActiveCfg = Debug|Win32
		{211CF282-B067-4A65-94B1-D808FCB8C0E8}.Debug|Win32.Build.0 = Debug|Win32
		{211CF282-B067-4A65-94B1-D808FCB8C0E8}.Debug|Win32.Deploy.0 = Debug|Win32
		{211CF282-B067-4A65-94B1-D808FCB8C0E8}.Debug|x64.ActiveCfg = Debug|x64
		{211CF282-B067-4A65-94B1-D808FCB8C0E8}.Debug|x64.Build.0 = Debug|x64
		{211CF282-B067-4A65-94B1-D808FCB8C0E8}.Debug|x64.Deploy.0 = Debug|x64
		{211CF282-B067-4A65-94B1-D808FCB8C0E8}.Release|Win32.ActiveCfg = Release|Win32
		{211CF282-B067-4A65-94B1-D808FCB8C0E8}.Release|Win32.Build.0 = Release|Win32
		{211CF282-B067-4A65-94B1-D808FCB8C0E8}.Release|Win32.Deploy.0 = Release|Win32
		{211CF282-B067-4A65-94B1-D808FCB8C0E8}.Release|x64.ActiveCfg = Release|x64
		{211CF282-B067-4A65-94B1-D808FCB8C0E8}.Release|x64.Build.0 = Release|x64
		{211CF282-B067-4A65-94B1-D808FCB8C0E8}.Release|x64.Deploy.0 = Release|x64
		{EA33172E-9B37-400E-877D-27364F2470B5}.Debug|Win32.ActiveCfg = Debug|Win32
		{EA33172E-9B37-400E-877D-27364F2470B5}.Debug|Win32.Build.0 = Debug|Win32
		{EA33172E-9B37-400E-877D-27364F2470B5}.Debug|Win32.Deploy.0 = Debug|Win32
		{EA33172E-9B37-400E-877D-27364F2470B5}.Debug|x64.ActiveCfg = Debug|x64
		{EA33172E-9B37-400E-877D-27364F2470B5}.Debug|x64.Build.0 = Debug|x64
		{EA33172E-9B37-400E-877D-27364F2470B5}.Debug|x64.Deploy.0 = Debug|x64
		{EA33172E-9B37-400E-877D-27364F2470B5}.Release|Win32.ActiveCfg = Release|Win32
		{EA33172E-9B37-400E-877D-27364F2470B5}.Release|Win32.Build.0 = Release|Win32
		{EA33172E-9B37-400E-877D-27364F2470B5}.Release|Win32.Deploy.0 = Release|Win32
		{EA33172E-9B37-400E-877D-27364F2470B5}.Release|x64.ActiveCfg = Release|x64
		{EA33172E-9B37-400E-877D-27364F2470B5}.Release|x64.Build.0 = Release|x64
		{EA33172E-9B37-400E-877D-27364F2470B5}.Release|x64.Deploy.0 = Release|x64
		{B9E6B938-F702-4CB3-AD86-A1CF1DB95A0B}.Debug|Win32.ActiveCfg = Debug|Win32
		{B9E6B938-F702-4CB3-AD86-A1CF1DB95A0B}.Debug|Win32.Build.0 = Debug|Win32
		{B9E6B938-F702-4CB3-AD86-A1CF1DB95A0B}.Debug|Win32.Deploy.0 = Debug|Win32
		{B9E6B938-F702-4CB3-AD86-A1CF1DB95A0B}.Debug|x64.ActiveCfg = Debug|x64
		{B9E6B938-F702-4CB3-AD86-A1CF1DB95A0B}.Debug|x64.Build.0 = Debug|x64
		{B9E6B938-F702-4CB3-AD86-A1CF1DB95A0B}.Debug|x64.Deploy.0 = Debug|x64
		{B9E6B938-F702-4CB3-AD86-A1CF1DB95A0B}.Release|Win32.ActiveCfg = Release|Win32
		{B9E6B938-F702-4CB3-AD86-A1CF1DB95A0B}.Release|Win32.Build.0 = Release|Win32
		{B9E6B938-F702-4CB3-AD86-A1CF1DB95A0B}.Release|Win32.Deploy.0 = Release|Win32
		{B9E6B938-F702-4CB3-AD86-A1CF1DB95A0B}.Release|x64.ActiveCfg = Release|x64
		{B9E6B938-F702-4CB3-AD86-A1CF1DB95A0B}.Release|x64.Build.0 = Release|x64
		{B9E6B938-F702-4CB3-AD86-A1CF1DB95A0B}.Release|x64.Deploy.0 = Release|x64
		{AF367AD3-EF14-41FB-95B7-0773326F177A}.Debug|Win32.ActiveCfg = Debug|Win32
		{AF367AD3-EF14-41FB-95B7-0773326F177A}.Debug|Win32.Build.0 = Debug|Win32
		{AF367AD3-EF14-41FB-95B7-0773326F177A}.Debug|Win32.Deploy.0 = Debug|Win32
		{AF367AD3-EF14-41FB-95B7-0773326F177A}.Debug|x64.ActiveCfg = Debug|x64
		{AF367AD3-EF14-41FB-95B7-0773326F177A}.Debug|x64.Build.0 = Debug|x64
		{AF367AD3-EF14-41FB-95B7-0773326F177A}.Debug|x64.Deploy.0 = Debug|x64
		{AF367AD3-EF14-41FB-95B7-0773326F177A}.Release|Win32.ActiveCfg = Release|Win32
		{AF367AD3-EF14-41FB-95B7-0773326F177A}.Release|Win32.Build.0 = Release|Win32
		{AF367AD3-EF14-41FB-95B7-0773326F177A}.Release|Win32.Deploy.0 = Release|Win32
		{AF367AD3-EF14-41FB-95B7-0773326F177A}.Release|x64.ActiveCfg = Release|x64
		{AF367AD3-EF14-41FB-95B7-0773326F177A}.Release|x64.Build.0 = Release|x64
		{AF367AD3-EF14-41FB-95B7-0773326F177A}.Release|x64.Deploy.0 = Release|x64
		{FEFD755C-4609-476C-8C31-3CCF62399318}.Debug|Win32.ActiveCfg = Debug|Win32
		{FEFD755C-4609-476C-8C31-3CCF62399318}.Debug|Win32.Build.0 = Debug|Win32
		{FEFD755C-4609-476C-8C31-3CCF62399318}.Debug|Win32.Deploy.0 = Debug|Win32
		{FEFD755C-4609-476C-8C31-3CCF62399318}.Debug|x64.ActiveCfg = Debug|x64
		{FEFD755C-4609-476C-8C31-3CCF62399318}.Debug|x64.Build.0 = Debug|x64
		{FEFD755C-4609-476C-8C31-3CCF62399318}.Debug|x64.Deploy.0 = Debug|x64
		{FEFD755C-4609-476C-8C31-3CCF62399318}.Release|Win32.ActiveCfg = Release|Win32
		{FEFD755C-4609-476C-8C31-3CCF62399318}.Release|Win32.Build.0 = Release|Win32
		{FEFD755C-4609-476C-8C31-3CCF62399318}.Release|Win32.Deploy.0 = Release|Win32
		{FEFD755C-4609-476C-8C31-3CCF62399318}.Release|x64.ActiveCfg = Release|x64
		{FEFD755C-4609-476C-8C31-3CCF62399318}.Release|x64.Build.0 = Release|x64
		{FEFD755C-4609-476C-8C31-3CCF62399318}.Release|x64.Deploy.0 = Release|x64
		{6F96AB03-F986-4956-8F93-AA62C00340A1}.Debug|Win32.ActiveCfg = Debug|Win32
		{6F96AB03-F986-4956-8F93-AA62C00340A1}.Debug|Win32.Build.0 = Debug|Win32
		{6F96AB03-F986-4956-8F93-AA62C00340A1}.Debug|Win32.Deploy.0 = Debug|Win32
		{6F96AB03-F986-4956-8F93-AA62C00340A1}.Debug|x64.ActiveCfg = Debug|x64
		{6F96AB03-F986-4956-8F93-AA62C00340A1}.Debug|x64.Build.0 = Debug|x64
		{6F96AB03-F986-4956-8F93-AA62C00340A1}.Debug|x64.Deploy.0 = Debug|x64
		{6F96AB03-F986-4956-8F93-AA62C00340A1}.Release|Win32.ActiveCfg = Release|Win32
		{6F96AB03-F986-4956-8F93-AA62C00340A1}.Release|Win32.Build.0 = Release|Win32
		{6F96AB03-F986-4956-8F93-AA62C00340A1}.Release|Win32.Deploy.0 = Release|Win32
		{6F96AB03-F986-4956-8F93-AA62C00340A1}.Release|x64.ActiveCfg = Release|x64
		{6F96AB03-F986-4956-8F93-AA62C00340A1}.Release|x64.Build.0 = Release|x64
		{6F96AB03-F986-4956-8F93-AA62C00340A1}.Release|x64.Deploy.0 = Release|x64
		{DE2E3E29-02BC-4241-AA82-1F18ADE54946}.Debug|Win32.ActiveCfg = Debug|Win32
		{DE2E3E29-02BC-4241-AA82-1F18ADE54946}.Debug|Win32.Build.0 = Debug|Win32
		{DE2E3E29-02BC-4241-AA82-1F18ADE54946}.Debug|Win32.Deploy.0 = Debug|Win32
		{DE2E3E29-02BC-4241-AA82-1F18ADE54946}.Debug|x64.ActiveCfg = Debug|x64
		{DE2E3E29-02BC-4241-AA82-1F18ADE54946}.Debug|x64.Build.0 = Debug|x64
		{DE2E3E29-02BC-4241-AA82-1F18ADE54946}.Debug|x64.Deploy.0 = Debug|x64
		{DE2E3E29-02BC-4241-AA82-1F18ADE54946}.Release|Win32.ActiveCfg = Release|Win32
		{DE2E3E29-02BC-4241-AA82-1F18ADE54946}.Release|Win32.Build.0 = Release|Win32
		{DE2E3E29-02BC-4241-AA82-1F18ADE54946}.Release|Win32.Deploy.0 = Release|Win32
		{DE2E3E29-02BC-4241-AA82-1F18ADE54946}.Release|x64.ActiveCfg = Release|x64
		{DE2E3E29-02BC-4241-AA82-1F18ADE54946}.Release|x64.Build.0 = Release|x64
		{DE2E3E29-02BC-4241-AA82-1F18ADE54946}.Release|x64.Deploy.0 = Release|x64
		{22D4DC5E-AC9D-48F7-9AFB-A0E571D59119}.Debug|Win32.ActiveCfg = Debug|Win32
		{22D4DC5E-AC9D-48F7-9AFB-A0E571D59119}.Debug|Win32.Build.0 = Debug|Win32
		{22D4DC5E-AC9D-48F7-9AFB-A0E571D59119}.Debug|Win32.Deploy.0 = Debug|Win32
		{22D4DC5E-AC9D-48F7-9AFB-A0E571D59119}.Debug|x64.ActiveCfg = Debug|x64
		{22D4DC5E-AC9D-48F7-9AFB-A0E571D59119}.Debug|x64.Build.0 = Debug|x64
		{22D4DC5E-AC9D-48F7-9AFB-A0E571D59119}.Debug|x64.Deploy.0 = Debug|x64
		{22D4DC5E-AC9D-48F7-9AFB-A0E571D59119}.Release|Win32.ActiveCfg = Release|Win32
		{22D4DC5E-AC9D-48F7-9AFB-A0E571D59119}.Release|Win32.Build.0 = Release|Win32
		{22D4DC5E-AC9D-48F7-9AFB-A0E571D59119}.Release|Win32.Deploy.0 = Release|Win32
		{22D4DC5E-AC9D-48F7-9AFB-A0E571D59119}.Release|x64.ActiveCfg = Release|x64
		{22D4DC5E-AC9D-48F7-9AFB-A0E571D59119}.Release|x64.Build.0 = Release|x64
		{22D4DC5E-AC9D-48F7-9AFB-A0E571D59119}.Release|x64.Deploy.0 = Release|x64
		{EA47D03D-7FA9-465A-8FD1-4EED805CE929}.Debug|Win32.ActiveCfg = Debug|Win32
		{EA47D03D-7FA9-465A-8FD1-4EED805CE929}.Debug|Win32.Build.0 = Debug|Win32
		{EA47D03D-7FA9-465A-8FD1-4EED805CE929}.Debug|Win32.Deploy.0 = Debug|Win32
		{EA47D03D-7FA9-465A-8FD1-4EED805CE929}.Debug|x64.ActiveCfg = Debug|x64
		{EA47D03D-7FA9-465A-8FD1-4EED805CE929}.Debug|x64.Build.0 = Debug|x64
		{EA47D03D-7FA9-465A-8FD1-4EED805CE929}.Debug|x64.Deploy.0 = Debug|x64
		{EA47D03D-7FA9-465A-8FD1-4EED805CE929}.Release|Win32.ActiveCfg = Release|Win32
		{EA47D03D-7FA9-465A-8FD1-4EED805CE929}.Release|Win32.Build.0 = Release|Win32
		{EA47D03D-7FA9-465A-8FD1-4EED805CE929}.Release|Win32.Deploy.0 = Release|Win32
		{EA47D03D-7FA9-465A-8FD1-4EED805CE929}.Release|x64.ActiveCfg = Release|x64
		{EA47D03D-7FA9-465A-8FD1-4EED805CE929}.Release|x64.Build.0 = Release|x64
		{EA47D03D-7FA9-465A-8FD1-4EED805CE929}.Release|x64.Deploy.0 = Release|x64
	EndGlobalSection
	GlobalSection(SolutionProperties) = preSolution
		HideSolutionNode = FALSE
	EndGlobalSection
EndGlobal
